// !$*UTF8*$!
{
	archiveVersion = 1;
	classes = {
	};
	objectVersion = 46;
	objects = {

/* Begin PBXBuildFile section */
		18099B301B296BDC002932F3 /* kz_egypt_3.tmx in Resources */ = {isa = PBXBuildFile; fileRef = 18099B2E1B296BDC002932F3 /* kz_egypt_3.tmx */; };
		18099B321B296C60002932F3 /* kz_egypt_3.json in Resources */ = {isa = PBXBuildFile; fileRef = 18099B311B296C60002932F3 /* kz_egypt_3.json */; };
		18099B441B2A8522002932F3 /* kz_wild_2.tmx in Resources */ = {isa = PBXBuildFile; fileRef = 18099B431B2A8521002932F3 /* kz_wild_2.tmx */; };
		18099B461B2AB8B7002932F3 /* small-map-test.tmx in Resources */ = {isa = PBXBuildFile; fileRef = 18099B451B2AB8B7002932F3 /* small-map-test.tmx */; };
		18099B491B2ABF31002932F3 /* small-map-test-1.tmx in Resources */ = {isa = PBXBuildFile; fileRef = 18099B471B2ABF31002932F3 /* small-map-test-1.tmx */; };
		18099B4A1B2ABF31002932F3 /* small-map-test-0.tmx in Resources */ = {isa = PBXBuildFile; fileRef = 18099B481B2ABF31002932F3 /* small-map-test-0.tmx */; };
		18099B4C1B2B1EDD002932F3 /* endless-map-0.tmx in Resources */ = {isa = PBXBuildFile; fileRef = 18099B4B1B2B1EDD002932F3 /* endless-map-0.tmx */; };
		18099B7F1B2BEEA7002932F3 /* SKAButtonSprite.m in Sources */ = {isa = PBXBuildFile; fileRef = 18099B6A1B2BEEA7002932F3 /* SKAButtonSprite.m */; };
		18099B801B2BEEA7002932F3 /* SKACroppedMiniMap.m in Sources */ = {isa = PBXBuildFile; fileRef = 18099B6C1B2BEEA7002932F3 /* SKACroppedMiniMap.m */; };
		18099B811B2BEEA7002932F3 /* SKAMapTile.m in Sources */ = {isa = PBXBuildFile; fileRef = 18099B6E1B2BEEA7002932F3 /* SKAMapTile.m */; };
		18099B821B2BEEA7002932F3 /* SKAMiniMap.m in Sources */ = {isa = PBXBuildFile; fileRef = 18099B701B2BEEA7002932F3 /* SKAMiniMap.m */; };
		18099B831B2BEEA7002932F3 /* SKAObject.m in Sources */ = {isa = PBXBuildFile; fileRef = 18099B721B2BEEA7002932F3 /* SKAObject.m */; };
		18099B841B2BEEA7002932F3 /* SKAObjectLayer.m in Sources */ = {isa = PBXBuildFile; fileRef = 18099B741B2BEEA7002932F3 /* SKAObjectLayer.m */; };
		18099B851B2BEEA7002932F3 /* SKASprite.m in Sources */ = {isa = PBXBuildFile; fileRef = 18099B761B2BEEA7002932F3 /* SKASprite.m */; };
		18099B861B2BEEA7002932F3 /* SKASpriteLayer.m in Sources */ = {isa = PBXBuildFile; fileRef = 18099B781B2BEEA7002932F3 /* SKASpriteLayer.m */; };
		18099B871B2BEEA7002932F3 /* SKATestHud.m in Sources */ = {isa = PBXBuildFile; fileRef = 18099B7A1B2BEEA7002932F3 /* SKATestHud.m */; };
		18099B881B2BEEA7002932F3 /* SKATestPlayer.m in Sources */ = {isa = PBXBuildFile; fileRef = 18099B7C1B2BEEA7002932F3 /* SKATestPlayer.m */; };
		18099B951B2FF65E002932F3 /* egypt_items_medium.1.png in Resources */ = {isa = PBXBuildFile; fileRef = 18099B8D1B2FF65E002932F3 /* egypt_items_medium.1.png */; };
		18099B961B2FF65E002932F3 /* egypt_small_floors_bgra.1.png in Resources */ = {isa = PBXBuildFile; fileRef = 18099B8E1B2FF65E002932F3 /* egypt_small_floors_bgra.1.png */; };
		18099B971B2FF65E002932F3 /* egypt_small_walls_rgba4.1.png in Resources */ = {isa = PBXBuildFile; fileRef = 18099B8F1B2FF65E002932F3 /* egypt_small_walls_rgba4.1.png */; };
		18099B981B2FF65E002932F3 /* egypt_statues_medium.1.png in Resources */ = {isa = PBXBuildFile; fileRef = 18099B901B2FF65E002932F3 /* egypt_statues_medium.1.png */; };
		18099B991B2FF65E002932F3 /* kz_egypt_tiles_small.tps in Resources */ = {isa = PBXBuildFile; fileRef = 18099B911B2FF65E002932F3 /* kz_egypt_tiles_small.tps */; };
		18099B9A1B2FF65E002932F3 /* kz_egypt_walls.tps in Resources */ = {isa = PBXBuildFile; fileRef = 18099B921B2FF65E002932F3 /* kz_egypt_walls.tps */; };
		18099B9B1B2FF65E002932F3 /* kz_signs_small.1.png in Resources */ = {isa = PBXBuildFile; fileRef = 18099B931B2FF65E002932F3 /* kz_signs_small.1.png */; };
		18099BA11B30284C002932F3 /* SKATiledMap.m in Sources */ = {isa = PBXBuildFile; fileRef = 18099BA01B30284C002932F3 /* SKATiledMap.m */; };
		18149C621B19709F00522024 /* AppDelegate.swift in Sources */ = {isa = PBXBuildFile; fileRef = 18149C611B19709F00522024 /* AppDelegate.swift */; };
		18149C641B19709F00522024 /* GameScene.sks in Resources */ = {isa = PBXBuildFile; fileRef = 18149C631B19709F00522024 /* GameScene.sks */; };
		18149C661B19709F00522024 /* GameScene.swift in Sources */ = {isa = PBXBuildFile; fileRef = 18149C651B19709F00522024 /* GameScene.swift */; };
		18149C681B19709F00522024 /* GameViewController.swift in Sources */ = {isa = PBXBuildFile; fileRef = 18149C671B19709F00522024 /* GameViewController.swift */; };
		18149C6B1B19709F00522024 /* Main.storyboard in Resources */ = {isa = PBXBuildFile; fileRef = 18149C691B19709F00522024 /* Main.storyboard */; };
		18149C6D1B19709F00522024 /* Images.xcassets in Resources */ = {isa = PBXBuildFile; fileRef = 18149C6C1B19709F00522024 /* Images.xcassets */; };
		18149C701B19709F00522024 /* LaunchScreen.xib in Resources */ = {isa = PBXBuildFile; fileRef = 18149C6E1B19709F00522024 /* LaunchScreen.xib */; };
		18149C7C1B1970A000522024 /* KZTests.swift in Sources */ = {isa = PBXBuildFile; fileRef = 18149C7B1B1970A000522024 /* KZTests.swift */; };
		18149C8C1B1972A600522024 /* JSTileMap.m in Sources */ = {isa = PBXBuildFile; fileRef = 18149C881B1972A600522024 /* JSTileMap.m */; };
		18149C8D1B1972A600522024 /* LFCGzipUtility.m in Sources */ = {isa = PBXBuildFile; fileRef = 18149C8A1B1972A600522024 /* LFCGzipUtility.m */; };
		18149C8E1B1972A600522024 /* LICENSE.txt in Resources */ = {isa = PBXBuildFile; fileRef = 18149C8B1B1972A600522024 /* LICENSE.txt */; };
		18149C9C1B1972BE00522024 /* CGFloat+Extensions.swift in Sources */ = {isa = PBXBuildFile; fileRef = 18149C901B1972BE00522024 /* CGFloat+Extensions.swift */; };
		18149C9D1B1972BE00522024 /* CGPoint+Extensions.swift in Sources */ = {isa = PBXBuildFile; fileRef = 18149C911B1972BE00522024 /* CGPoint+Extensions.swift */; };
		18149C9E1B1972BE00522024 /* CGVector+Extensions.swift in Sources */ = {isa = PBXBuildFile; fileRef = 18149C921B1972BE00522024 /* CGVector+Extensions.swift */; };
		18149C9F1B1972BE00522024 /* Int+Extensions.swift in Sources */ = {isa = PBXBuildFile; fileRef = 18149C931B1972BE00522024 /* Int+Extensions.swift */; };
		18149CA01B1972BE00522024 /* SKAction+Extensions.swift in Sources */ = {isa = PBXBuildFile; fileRef = 18149C941B1972BE00522024 /* SKAction+Extensions.swift */; };
		18149CA11B1972BE00522024 /* SKAction+SpecialEffects.swift in Sources */ = {isa = PBXBuildFile; fileRef = 18149C951B1972BE00522024 /* SKAction+SpecialEffects.swift */; };
		18149CA21B1972BE00522024 /* SKColor+Extensions.swift in Sources */ = {isa = PBXBuildFile; fileRef = 18149C961B1972BE00522024 /* SKColor+Extensions.swift */; };
		18149CA31B1972BE00522024 /* SKNode+Extensions.swift in Sources */ = {isa = PBXBuildFile; fileRef = 18149C971B1972BE00522024 /* SKNode+Extensions.swift */; };
		18149CA41B1972BE00522024 /* SKTAudio.swift in Sources */ = {isa = PBXBuildFile; fileRef = 18149C981B1972BE00522024 /* SKTAudio.swift */; };
		18149CA51B1972BE00522024 /* SKTEffects.swift in Sources */ = {isa = PBXBuildFile; fileRef = 18149C991B1972BE00522024 /* SKTEffects.swift */; };
		18149CA61B1972BE00522024 /* SKTTimingFunctions.swift in Sources */ = {isa = PBXBuildFile; fileRef = 18149C9A1B1972BE00522024 /* SKTTimingFunctions.swift */; };
		18149CA71B1972BE00522024 /* Vector3.swift in Sources */ = {isa = PBXBuildFile; fileRef = 18149C9B1B1972BE00522024 /* Vector3.swift */; };
		18149CA91B1972E600522024 /* libz.dylib in Frameworks */ = {isa = PBXBuildFile; fileRef = 18149CA81B1972E600522024 /* libz.dylib */; };
		18149CB71B197C6E00522024 /* tmx-rpg-bigpack.atlasc in Resources */ = {isa = PBXBuildFile; fileRef = 18149CB61B197C6E00522024 /* tmx-rpg-bigpack.atlasc */; };
		18149CCE1B19E2E500522024 /* valley-tiles-5.atlasc in Resources */ = {isa = PBXBuildFile; fileRef = 18149CCD1B19E2E500522024 /* valley-tiles-5.atlasc */; };
		18149CD01B1AA74600522024 /* Types.swift in Sources */ = {isa = PBXBuildFile; fileRef = 18149CCF1B1AA74600522024 /* Types.swift */; };
		18149CD21B1AA7C500522024 /* Player.swift in Sources */ = {isa = PBXBuildFile; fileRef = 18149CD11B1AA7C500522024 /* Player.swift */; };
		183095FF1B1D604B00BBB25B /* kz_egypt.tmx in Resources */ = {isa = PBXBuildFile; fileRef = 183095FE1B1D604B00BBB25B /* kz_egypt.tmx */; };
		183446781B31620700BADEBF /* CollisionDefine.m in Sources */ = {isa = PBXBuildFile; fileRef = 183446771B31620700BADEBF /* CollisionDefine.m */; };
		184D00071B269F35001D722E /* egypt_statues_medium.atlasc in Resources */ = {isa = PBXBuildFile; fileRef = 184D00061B269F35001D722E /* egypt_statues_medium.atlasc */; };
		184DFFFA1B268C6F001D722E /* egypt_small_floors_bgra.atlasc in Resources */ = {isa = PBXBuildFile; fileRef = 184DFFF81B268C6F001D722E /* egypt_small_floors_bgra.atlasc */; };
		184DFFFB1B268C6F001D722E /* egypt_small_walls_rgba4.atlasc in Resources */ = {isa = PBXBuildFile; fileRef = 184DFFF91B268C6F001D722E /* egypt_small_walls_rgba4.atlasc */; };
		189A48CC1B329EEE00B3578C /* BehindTheMap.sks in Resources */ = {isa = PBXBuildFile; fileRef = 189A48CA1B329EEE00B3578C /* BehindTheMap.sks */; };
		189A48CD1B329EEE00B3578C /* bokeh.png in Resources */ = {isa = PBXBuildFile; fileRef = 189A48CB1B329EEE00B3578C /* bokeh.png */; };
		189A48CF1B330FE000B3578C /* kz_wild_3.json in Resources */ = {isa = PBXBuildFile; fileRef = 189A48CE1B330FE000B3578C /* kz_wild_3.json */; };
		189A48D31B33E84A00B3578C /* Item.swift in Sources */ = {isa = PBXBuildFile; fileRef = 189A48D21B33E84A00B3578C /* Item.swift */; };
		189A48D51B33EC1C00B3578C /* GemGreenIdle.atlas in Resources */ = {isa = PBXBuildFile; fileRef = 189A48D41B33EC1C00B3578C /* GemGreenIdle.atlas */; };
		189A48D71B33F71000B3578C /* GemRedIdle.atlas in Resources */ = {isa = PBXBuildFile; fileRef = 189A48D61B33F71000B3578C /* GemRedIdle.atlas */; };
		189A48D91B353CC200B3578C /* kz_lava.json in Resources */ = {isa = PBXBuildFile; fileRef = 189A48D81B353CC200B3578C /* kz_lava.json */; };
		18A9FCC01B1BEF83004C0E5D /* Jump.atlas in Resources */ = {isa = PBXBuildFile; fileRef = 18A9FCBF1B1BEF83004C0E5D /* Jump.atlas */; };
		18A9FCC21B1BEF8B004C0E5D /* Idle.atlas in Resources */ = {isa = PBXBuildFile; fileRef = 18A9FCC11B1BEF8B004C0E5D /* Idle.atlas */; };
		18A9FCC41B1BEF99004C0E5D /* Walk.atlas in Resources */ = {isa = PBXBuildFile; fileRef = 18A9FCC31B1BEF99004C0E5D /* Walk.atlas */; };
		18A9FCC61B1BF0AB004C0E5D /* Run.atlas in Resources */ = {isa = PBXBuildFile; fileRef = 18A9FCC51B1BF0AB004C0E5D /* Run.atlas */; };
		18A9FCC81B1BF448004C0E5D /* Attack.atlas in Resources */ = {isa = PBXBuildFile; fileRef = 18A9FCC71B1BF448004C0E5D /* Attack.atlas */; };
		18E87E9F1B2010C800E4CC4E /* kz_wild.tmx in Resources */ = {isa = PBXBuildFile; fileRef = 18E87E9E1B2010C800E4CC4E /* kz_wild.tmx */; };
		18E87EA11B20125700E4CC4E /* MapSelectScene.swift in Sources */ = {isa = PBXBuildFile; fileRef = 18E87EA01B20125700E4CC4E /* MapSelectScene.swift */; };
		18E87EA31B204F4000E4CC4E /* kz_wonderland_tileset_medium.atlasc in Resources */ = {isa = PBXBuildFile; fileRef = 18E87EA21B204F4000E4CC4E /* kz_wonderland_tileset_medium.atlasc */; };
		18E87EA51B20511E00E4CC4E /* kz_wonderland.tmx in Resources */ = {isa = PBXBuildFile; fileRef = 18E87EA41B20511E00E4CC4E /* kz_wonderland.tmx */; };
		18E87EA71B20512B00E4CC4E /* kz_wonderland_trees.atlasc in Resources */ = {isa = PBXBuildFile; fileRef = 18E87EA61B20512B00E4CC4E /* kz_wonderland_trees.atlasc */; };
		18E87EAF1B218E9E00E4CC4E /* spark.png in Resources */ = {isa = PBXBuildFile; fileRef = 18E87EAD1B218E9E00E4CC4E /* spark.png */; };
		18E87EB11B21954300E4CC4E /* MagicFire.sks in Resources */ = {isa = PBXBuildFile; fileRef = 18E87EB01B21954300E4CC4E /* MagicFire.sks */; };
		18E87EB91B219B4500E4CC4E /* kz_signs_small.atlasc in Resources */ = {isa = PBXBuildFile; fileRef = 18E87EB81B219B4500E4CC4E /* kz_signs_small.atlasc */; };
		18F760501B2418CB0086E776 /* kz_dream.tmx in Resources */ = {isa = PBXBuildFile; fileRef = 18F7604F1B2418CB0086E776 /* kz_dream.tmx */; };
		18F760521B2506E30086E776 /* Devices.swift in Sources */ = {isa = PBXBuildFile; fileRef = 18F760511B2506E30086E776 /* Devices.swift */; };
		18F760541B250CB70086E776 /* MagicFireLow.sks in Resources */ = {isa = PBXBuildFile; fileRef = 18F760531B250CB70086E776 /* MagicFireLow.sks */; };
		18F7605E1B251B2F0086E776 /* kz_abandoned.tmx in Resources */ = {isa = PBXBuildFile; fileRef = 18F7605D1B251B2F0086E776 /* kz_abandoned.tmx */; };
		18F760761B253C6C0086E776 /* Rain.sks in Resources */ = {isa = PBXBuildFile; fileRef = 18F760751B253C6C0086E776 /* Rain.sks */; };
/* End PBXBuildFile section */

/* Begin PBXContainerItemProxy section */
		18149C761B1970A000522024 /* PBXContainerItemProxy */ = {
			isa = PBXContainerItemProxy;
			containerPortal = 18149C541B19709F00522024 /* Project object */;
			proxyType = 1;
			remoteGlobalIDString = 18149C5B1B19709F00522024;
			remoteInfo = KZ;
		};
/* End PBXContainerItemProxy section */

/* Begin PBXFileReference section */
		18099B2E1B296BDC002932F3 /* kz_egypt_3.tmx */ = {isa = PBXFileReference; fileEncoding = 4; lastKnownFileType = text.xml; path = kz_egypt_3.tmx; sourceTree = "<group>"; };
		18099B311B296C60002932F3 /* kz_egypt_3.json */ = {isa = PBXFileReference; fileEncoding = 4; lastKnownFileType = text.json; path = kz_egypt_3.json; sourceTree = "<group>"; };
		18099B431B2A8521002932F3 /* kz_wild_2.tmx */ = {isa = PBXFileReference; fileEncoding = 4; lastKnownFileType = text.xml; path = kz_wild_2.tmx; sourceTree = "<group>"; };
		18099B451B2AB8B7002932F3 /* small-map-test.tmx */ = {isa = PBXFileReference; fileEncoding = 4; lastKnownFileType = text.xml; path = "small-map-test.tmx"; sourceTree = "<group>"; };
		18099B471B2ABF31002932F3 /* small-map-test-1.tmx */ = {isa = PBXFileReference; fileEncoding = 4; lastKnownFileType = text.xml; path = "small-map-test-1.tmx"; sourceTree = "<group>"; };
		18099B481B2ABF31002932F3 /* small-map-test-0.tmx */ = {isa = PBXFileReference; fileEncoding = 4; lastKnownFileType = text.xml; path = "small-map-test-0.tmx"; sourceTree = "<group>"; };
		18099B4B1B2B1EDD002932F3 /* endless-map-0.tmx */ = {isa = PBXFileReference; fileEncoding = 4; lastKnownFileType = text.xml; path = "endless-map-0.tmx"; sourceTree = "<group>"; };
		18099B691B2BEEA7002932F3 /* SKAButtonSprite.h */ = {isa = PBXFileReference; fileEncoding = 4; lastKnownFileType = sourcecode.c.h; path = SKAButtonSprite.h; sourceTree = "<group>"; };
		18099B6A1B2BEEA7002932F3 /* SKAButtonSprite.m */ = {isa = PBXFileReference; fileEncoding = 4; lastKnownFileType = sourcecode.c.objc; path = SKAButtonSprite.m; sourceTree = "<group>"; };
		18099B6B1B2BEEA7002932F3 /* SKACroppedMiniMap.h */ = {isa = PBXFileReference; fileEncoding = 4; lastKnownFileType = sourcecode.c.h; path = SKACroppedMiniMap.h; sourceTree = "<group>"; };
		18099B6C1B2BEEA7002932F3 /* SKACroppedMiniMap.m */ = {isa = PBXFileReference; fileEncoding = 4; lastKnownFileType = sourcecode.c.objc; path = SKACroppedMiniMap.m; sourceTree = "<group>"; };
		18099B6D1B2BEEA7002932F3 /* SKAMapTile.h */ = {isa = PBXFileReference; fileEncoding = 4; lastKnownFileType = sourcecode.c.h; path = SKAMapTile.h; sourceTree = "<group>"; };
		18099B6E1B2BEEA7002932F3 /* SKAMapTile.m */ = {isa = PBXFileReference; fileEncoding = 4; lastKnownFileType = sourcecode.c.objc; path = SKAMapTile.m; sourceTree = "<group>"; };
		18099B6F1B2BEEA7002932F3 /* SKAMiniMap.h */ = {isa = PBXFileReference; fileEncoding = 4; lastKnownFileType = sourcecode.c.h; path = SKAMiniMap.h; sourceTree = "<group>"; };
		18099B701B2BEEA7002932F3 /* SKAMiniMap.m */ = {isa = PBXFileReference; fileEncoding = 4; lastKnownFileType = sourcecode.c.objc; path = SKAMiniMap.m; sourceTree = "<group>"; };
		18099B711B2BEEA7002932F3 /* SKAObject.h */ = {isa = PBXFileReference; fileEncoding = 4; lastKnownFileType = sourcecode.c.h; path = SKAObject.h; sourceTree = "<group>"; };
		18099B721B2BEEA7002932F3 /* SKAObject.m */ = {isa = PBXFileReference; fileEncoding = 4; lastKnownFileType = sourcecode.c.objc; path = SKAObject.m; sourceTree = "<group>"; };
		18099B731B2BEEA7002932F3 /* SKAObjectLayer.h */ = {isa = PBXFileReference; fileEncoding = 4; lastKnownFileType = sourcecode.c.h; path = SKAObjectLayer.h; sourceTree = "<group>"; };
		18099B741B2BEEA7002932F3 /* SKAObjectLayer.m */ = {isa = PBXFileReference; fileEncoding = 4; lastKnownFileType = sourcecode.c.objc; path = SKAObjectLayer.m; sourceTree = "<group>"; };
		18099B751B2BEEA7002932F3 /* SKASprite.h */ = {isa = PBXFileReference; fileEncoding = 4; lastKnownFileType = sourcecode.c.h; path = SKASprite.h; sourceTree = "<group>"; };
		18099B761B2BEEA7002932F3 /* SKASprite.m */ = {isa = PBXFileReference; fileEncoding = 4; lastKnownFileType = sourcecode.c.objc; path = SKASprite.m; sourceTree = "<group>"; };
		18099B771B2BEEA7002932F3 /* SKASpriteLayer.h */ = {isa = PBXFileReference; fileEncoding = 4; lastKnownFileType = sourcecode.c.h; path = SKASpriteLayer.h; sourceTree = "<group>"; };
		18099B781B2BEEA7002932F3 /* SKASpriteLayer.m */ = {isa = PBXFileReference; fileEncoding = 4; lastKnownFileType = sourcecode.c.objc; path = SKASpriteLayer.m; sourceTree = "<group>"; };
		18099B791B2BEEA7002932F3 /* SKATestHud.h */ = {isa = PBXFileReference; fileEncoding = 4; lastKnownFileType = sourcecode.c.h; path = SKATestHud.h; sourceTree = "<group>"; };
		18099B7A1B2BEEA7002932F3 /* SKATestHud.m */ = {isa = PBXFileReference; fileEncoding = 4; lastKnownFileType = sourcecode.c.objc; path = SKATestHud.m; sourceTree = "<group>"; };
		18099B7B1B2BEEA7002932F3 /* SKATestPlayer.h */ = {isa = PBXFileReference; fileEncoding = 4; lastKnownFileType = sourcecode.c.h; path = SKATestPlayer.h; sourceTree = "<group>"; };
		18099B7C1B2BEEA7002932F3 /* SKATestPlayer.m */ = {isa = PBXFileReference; fileEncoding = 4; lastKnownFileType = sourcecode.c.objc; path = SKATestPlayer.m; sourceTree = "<group>"; };
		18099B8D1B2FF65E002932F3 /* egypt_items_medium.1.png */ = {isa = PBXFileReference; lastKnownFileType = image.png; path = egypt_items_medium.1.png; sourceTree = "<group>"; };
		18099B8E1B2FF65E002932F3 /* egypt_small_floors_bgra.1.png */ = {isa = PBXFileReference; lastKnownFileType = image.png; path = egypt_small_floors_bgra.1.png; sourceTree = "<group>"; };
		18099B8F1B2FF65E002932F3 /* egypt_small_walls_rgba4.1.png */ = {isa = PBXFileReference; lastKnownFileType = image.png; path = egypt_small_walls_rgba4.1.png; sourceTree = "<group>"; };
		18099B901B2FF65E002932F3 /* egypt_statues_medium.1.png */ = {isa = PBXFileReference; lastKnownFileType = image.png; path = egypt_statues_medium.1.png; sourceTree = "<group>"; };
		18099B911B2FF65E002932F3 /* kz_egypt_tiles_small.tps */ = {isa = PBXFileReference; fileEncoding = 4; lastKnownFileType = text.xml; path = kz_egypt_tiles_small.tps; sourceTree = "<group>"; };
		18099B921B2FF65E002932F3 /* kz_egypt_walls.tps */ = {isa = PBXFileReference; fileEncoding = 4; lastKnownFileType = text.xml; path = kz_egypt_walls.tps; sourceTree = "<group>"; };
		18099B931B2FF65E002932F3 /* kz_signs_small.1.png */ = {isa = PBXFileReference; lastKnownFileType = image.png; path = kz_signs_small.1.png; sourceTree = "<group>"; };
		18099B9F1B30284C002932F3 /* SKATiledMap.h */ = {isa = PBXFileReference; fileEncoding = 4; lastKnownFileType = sourcecode.c.h; path = SKATiledMap.h; sourceTree = "<group>"; };
		18099BA01B30284C002932F3 /* SKATiledMap.m */ = {isa = PBXFileReference; fileEncoding = 4; lastKnownFileType = sourcecode.c.objc; path = SKATiledMap.m; sourceTree = "<group>"; };
		18099BA21B310964002932F3 /* CollisionDefine.h */ = {isa = PBXFileReference; lastKnownFileType = sourcecode.c.h; path = CollisionDefine.h; sourceTree = "<group>"; };
		18149C5C1B19709F00522024 /* KZ.app */ = {isa = PBXFileReference; explicitFileType = wrapper.application; includeInIndex = 0; path = KZ.app; sourceTree = BUILT_PRODUCTS_DIR; };
		18149C601B19709F00522024 /* Info.plist */ = {isa = PBXFileReference; lastKnownFileType = text.plist.xml; path = Info.plist; sourceTree = "<group>"; };
		18149C611B19709F00522024 /* AppDelegate.swift */ = {isa = PBXFileReference; lastKnownFileType = sourcecode.swift; path = AppDelegate.swift; sourceTree = "<group>"; };
		18149C631B19709F00522024 /* GameScene.sks */ = {isa = PBXFileReference; lastKnownFileType = file.sks; path = GameScene.sks; sourceTree = "<group>"; };
		18149C651B19709F00522024 /* GameScene.swift */ = {isa = PBXFileReference; lastKnownFileType = sourcecode.swift; path = GameScene.swift; sourceTree = "<group>"; };
		18149C671B19709F00522024 /* GameViewController.swift */ = {isa = PBXFileReference; lastKnownFileType = sourcecode.swift; path = GameViewController.swift; sourceTree = "<group>"; };
		18149C6A1B19709F00522024 /* Base */ = {isa = PBXFileReference; lastKnownFileType = file.storyboard; name = Base; path = Base.lproj/Main.storyboard; sourceTree = "<group>"; };
		18149C6C1B19709F00522024 /* Images.xcassets */ = {isa = PBXFileReference; lastKnownFileType = folder.assetcatalog; path = Images.xcassets; sourceTree = "<group>"; };
		18149C6F1B19709F00522024 /* Base */ = {isa = PBXFileReference; lastKnownFileType = file.xib; name = Base; path = Base.lproj/LaunchScreen.xib; sourceTree = "<group>"; };
		18149C751B1970A000522024 /* KZTests.xctest */ = {isa = PBXFileReference; explicitFileType = wrapper.cfbundle; includeInIndex = 0; path = KZTests.xctest; sourceTree = BUILT_PRODUCTS_DIR; };
		18149C7A1B1970A000522024 /* Info.plist */ = {isa = PBXFileReference; lastKnownFileType = text.plist.xml; path = Info.plist; sourceTree = "<group>"; };
		18149C7B1B1970A000522024 /* KZTests.swift */ = {isa = PBXFileReference; lastKnownFileType = sourcecode.swift; path = KZTests.swift; sourceTree = "<group>"; };
		18149C871B1972A600522024 /* JSTileMap.h */ = {isa = PBXFileReference; fileEncoding = 4; lastKnownFileType = sourcecode.c.h; path = JSTileMap.h; sourceTree = "<group>"; };
		18149C881B1972A600522024 /* JSTileMap.m */ = {isa = PBXFileReference; fileEncoding = 4; lastKnownFileType = sourcecode.c.objc; path = JSTileMap.m; sourceTree = "<group>"; };
		18149C891B1972A600522024 /* LFCGzipUtility.h */ = {isa = PBXFileReference; fileEncoding = 4; lastKnownFileType = sourcecode.c.h; path = LFCGzipUtility.h; sourceTree = "<group>"; };
		18149C8A1B1972A600522024 /* LFCGzipUtility.m */ = {isa = PBXFileReference; fileEncoding = 4; lastKnownFileType = sourcecode.c.objc; path = LFCGzipUtility.m; sourceTree = "<group>"; };
		18149C8B1B1972A600522024 /* LICENSE.txt */ = {isa = PBXFileReference; fileEncoding = 4; lastKnownFileType = text; path = LICENSE.txt; sourceTree = "<group>"; };
		18149C901B1972BE00522024 /* CGFloat+Extensions.swift */ = {isa = PBXFileReference; fileEncoding = 4; lastKnownFileType = sourcecode.swift; path = "CGFloat+Extensions.swift"; sourceTree = "<group>"; };
		18149C911B1972BE00522024 /* CGPoint+Extensions.swift */ = {isa = PBXFileReference; fileEncoding = 4; lastKnownFileType = sourcecode.swift; path = "CGPoint+Extensions.swift"; sourceTree = "<group>"; };
		18149C921B1972BE00522024 /* CGVector+Extensions.swift */ = {isa = PBXFileReference; fileEncoding = 4; lastKnownFileType = sourcecode.swift; path = "CGVector+Extensions.swift"; sourceTree = "<group>"; };
		18149C931B1972BE00522024 /* Int+Extensions.swift */ = {isa = PBXFileReference; fileEncoding = 4; lastKnownFileType = sourcecode.swift; path = "Int+Extensions.swift"; sourceTree = "<group>"; };
		18149C941B1972BE00522024 /* SKAction+Extensions.swift */ = {isa = PBXFileReference; fileEncoding = 4; lastKnownFileType = sourcecode.swift; path = "SKAction+Extensions.swift"; sourceTree = "<group>"; };
		18149C951B1972BE00522024 /* SKAction+SpecialEffects.swift */ = {isa = PBXFileReference; fileEncoding = 4; lastKnownFileType = sourcecode.swift; path = "SKAction+SpecialEffects.swift"; sourceTree = "<group>"; };
		18149C961B1972BE00522024 /* SKColor+Extensions.swift */ = {isa = PBXFileReference; fileEncoding = 4; lastKnownFileType = sourcecode.swift; path = "SKColor+Extensions.swift"; sourceTree = "<group>"; };
		18149C971B1972BE00522024 /* SKNode+Extensions.swift */ = {isa = PBXFileReference; fileEncoding = 4; lastKnownFileType = sourcecode.swift; path = "SKNode+Extensions.swift"; sourceTree = "<group>"; };
		18149C981B1972BE00522024 /* SKTAudio.swift */ = {isa = PBXFileReference; fileEncoding = 4; lastKnownFileType = sourcecode.swift; path = SKTAudio.swift; sourceTree = "<group>"; };
		18149C991B1972BE00522024 /* SKTEffects.swift */ = {isa = PBXFileReference; fileEncoding = 4; lastKnownFileType = sourcecode.swift; path = SKTEffects.swift; sourceTree = "<group>"; };
		18149C9A1B1972BE00522024 /* SKTTimingFunctions.swift */ = {isa = PBXFileReference; fileEncoding = 4; lastKnownFileType = sourcecode.swift; path = SKTTimingFunctions.swift; sourceTree = "<group>"; };
		18149C9B1B1972BE00522024 /* Vector3.swift */ = {isa = PBXFileReference; fileEncoding = 4; lastKnownFileType = sourcecode.swift; path = Vector3.swift; sourceTree = "<group>"; };
		18149CA81B1972E600522024 /* libz.dylib */ = {isa = PBXFileReference; lastKnownFileType = "compiled.mach-o.dylib"; name = libz.dylib; path = usr/lib/libz.dylib; sourceTree = SDKROOT; };
		18149CAC1B1974DD00522024 /* KZ-Bridging-Header.h */ = {isa = PBXFileReference; lastKnownFileType = sourcecode.c.h; path = "KZ-Bridging-Header.h"; sourceTree = "<group>"; };
		18149CB61B197C6E00522024 /* tmx-rpg-bigpack.atlasc */ = {isa = PBXFileReference; lastKnownFileType = folder; path = "tmx-rpg-bigpack.atlasc"; sourceTree = "<group>"; };
		18149CCD1B19E2E500522024 /* valley-tiles-5.atlasc */ = {isa = PBXFileReference; lastKnownFileType = folder; path = "valley-tiles-5.atlasc"; sourceTree = "<group>"; };
		18149CCF1B1AA74600522024 /* Types.swift */ = {isa = PBXFileReference; fileEncoding = 4; lastKnownFileType = sourcecode.swift; path = Types.swift; sourceTree = "<group>"; };
		18149CD11B1AA7C500522024 /* Player.swift */ = {isa = PBXFileReference; fileEncoding = 4; lastKnownFileType = sourcecode.swift; path = Player.swift; sourceTree = "<group>"; };
		183095FE1B1D604B00BBB25B /* kz_egypt.tmx */ = {isa = PBXFileReference; fileEncoding = 4; lastKnownFileType = text.xml; path = kz_egypt.tmx; sourceTree = "<group>"; };
		183446771B31620700BADEBF /* CollisionDefine.m */ = {isa = PBXFileReference; fileEncoding = 4; lastKnownFileType = sourcecode.c.objc; path = CollisionDefine.m; sourceTree = "<group>"; };
		184D00061B269F35001D722E /* egypt_statues_medium.atlasc */ = {isa = PBXFileReference; lastKnownFileType = folder; path = egypt_statues_medium.atlasc; sourceTree = "<group>"; };
		184DFFF81B268C6F001D722E /* egypt_small_floors_bgra.atlasc */ = {isa = PBXFileReference; lastKnownFileType = folder; path = egypt_small_floors_bgra.atlasc; sourceTree = "<group>"; };
		184DFFF91B268C6F001D722E /* egypt_small_walls_rgba4.atlasc */ = {isa = PBXFileReference; lastKnownFileType = folder; path = egypt_small_walls_rgba4.atlasc; sourceTree = "<group>"; };
		189A48CA1B329EEE00B3578C /* BehindTheMap.sks */ = {isa = PBXFileReference; lastKnownFileType = file.sks; path = BehindTheMap.sks; sourceTree = "<group>"; };
		189A48CB1B329EEE00B3578C /* bokeh.png */ = {isa = PBXFileReference; lastKnownFileType = image.png; path = bokeh.png; sourceTree = "<group>"; };
		189A48CE1B330FE000B3578C /* kz_wild_3.json */ = {isa = PBXFileReference; fileEncoding = 4; lastKnownFileType = text.json; path = kz_wild_3.json; sourceTree = "<group>"; };
		189A48D21B33E84A00B3578C /* Item.swift */ = {isa = PBXFileReference; fileEncoding = 4; lastKnownFileType = sourcecode.swift; path = Item.swift; sourceTree = "<group>"; };
		189A48D41B33EC1C00B3578C /* GemGreenIdle.atlas */ = {isa = PBXFileReference; lastKnownFileType = folder.skatlas; path = GemGreenIdle.atlas; sourceTree = "<group>"; };
		189A48D61B33F71000B3578C /* GemRedIdle.atlas */ = {isa = PBXFileReference; lastKnownFileType = folder.skatlas; path = GemRedIdle.atlas; sourceTree = "<group>"; };
		189A48D81B353CC200B3578C /* kz_lava.json */ = {isa = PBXFileReference; fileEncoding = 4; lastKnownFileType = text.json; path = kz_lava.json; sourceTree = "<group>"; };
		18A9FCBF1B1BEF83004C0E5D /* Jump.atlas */ = {isa = PBXFileReference; lastKnownFileType = folder.skatlas; path = Jump.atlas; sourceTree = "<group>"; };
		18A9FCC11B1BEF8B004C0E5D /* Idle.atlas */ = {isa = PBXFileReference; lastKnownFileType = folder.skatlas; path = Idle.atlas; sourceTree = "<group>"; };
		18A9FCC31B1BEF99004C0E5D /* Walk.atlas */ = {isa = PBXFileReference; lastKnownFileType = folder.skatlas; path = Walk.atlas; sourceTree = "<group>"; };
		18A9FCC51B1BF0AB004C0E5D /* Run.atlas */ = {isa = PBXFileReference; lastKnownFileType = folder.skatlas; path = Run.atlas; sourceTree = "<group>"; };
		18A9FCC71B1BF448004C0E5D /* Attack.atlas */ = {isa = PBXFileReference; lastKnownFileType = folder.skatlas; path = Attack.atlas; sourceTree = "<group>"; };
		18E87E9E1B2010C800E4CC4E /* kz_wild.tmx */ = {isa = PBXFileReference; fileEncoding = 4; lastKnownFileType = text.xml; path = kz_wild.tmx; sourceTree = "<group>"; };
		18E87EA01B20125700E4CC4E /* MapSelectScene.swift */ = {isa = PBXFileReference; fileEncoding = 4; lastKnownFileType = sourcecode.swift; path = MapSelectScene.swift; sourceTree = "<group>"; };
		18E87EA21B204F4000E4CC4E /* kz_wonderland_tileset_medium.atlasc */ = {isa = PBXFileReference; lastKnownFileType = folder; path = kz_wonderland_tileset_medium.atlasc; sourceTree = "<group>"; };
		18E87EA41B20511E00E4CC4E /* kz_wonderland.tmx */ = {isa = PBXFileReference; fileEncoding = 4; lastKnownFileType = text.xml; path = kz_wonderland.tmx; sourceTree = "<group>"; };
		18E87EA61B20512B00E4CC4E /* kz_wonderland_trees.atlasc */ = {isa = PBXFileReference; lastKnownFileType = folder; path = kz_wonderland_trees.atlasc; sourceTree = "<group>"; };
		18E87EAD1B218E9E00E4CC4E /* spark.png */ = {isa = PBXFileReference; lastKnownFileType = image.png; path = spark.png; sourceTree = "<group>"; };
		18E87EB01B21954300E4CC4E /* MagicFire.sks */ = {isa = PBXFileReference; lastKnownFileType = file.sks; path = MagicFire.sks; sourceTree = "<group>"; };
		18E87EB81B219B4500E4CC4E /* kz_signs_small.atlasc */ = {isa = PBXFileReference; lastKnownFileType = folder; path = kz_signs_small.atlasc; sourceTree = "<group>"; };
		18F7604F1B2418CB0086E776 /* kz_dream.tmx */ = {isa = PBXFileReference; fileEncoding = 4; lastKnownFileType = text.xml; path = kz_dream.tmx; sourceTree = "<group>"; };
		18F760511B2506E30086E776 /* Devices.swift */ = {isa = PBXFileReference; fileEncoding = 4; lastKnownFileType = sourcecode.swift; path = Devices.swift; sourceTree = "<group>"; };
		18F760531B250CB70086E776 /* MagicFireLow.sks */ = {isa = PBXFileReference; lastKnownFileType = file.sks; path = MagicFireLow.sks; sourceTree = "<group>"; };
		18F7605D1B251B2F0086E776 /* kz_abandoned.tmx */ = {isa = PBXFileReference; fileEncoding = 4; lastKnownFileType = text.xml; path = kz_abandoned.tmx; sourceTree = "<group>"; };
		18F760751B253C6C0086E776 /* Rain.sks */ = {isa = PBXFileReference; lastKnownFileType = file.sks; path = Rain.sks; sourceTree = "<group>"; };
/* End PBXFileReference section */

/* Begin PBXFrameworksBuildPhase section */
		18149C591B19709F00522024 /* Frameworks */ = {
			isa = PBXFrameworksBuildPhase;
			buildActionMask = 2147483647;
			files = (
				18149CA91B1972E600522024 /* libz.dylib in Frameworks */,
			);
			runOnlyForDeploymentPostprocessing = 0;
		};
		18149C721B1970A000522024 /* Frameworks */ = {
			isa = PBXFrameworksBuildPhase;
			buildActionMask = 2147483647;
			files = (
			);
			runOnlyForDeploymentPostprocessing = 0;
		};
/* End PBXFrameworksBuildPhase section */

/* Begin PBXGroup section */
		18099AE91B295BF5002932F3 /* SKAToolKit */ = {
			isa = PBXGroup;
			children = (
				18099BA21B310964002932F3 /* CollisionDefine.h */,
				183446771B31620700BADEBF /* CollisionDefine.m */,
				18099B691B2BEEA7002932F3 /* SKAButtonSprite.h */,
				18099B6A1B2BEEA7002932F3 /* SKAButtonSprite.m */,
				18099B6B1B2BEEA7002932F3 /* SKACroppedMiniMap.h */,
				18099B6C1B2BEEA7002932F3 /* SKACroppedMiniMap.m */,
				18099B6D1B2BEEA7002932F3 /* SKAMapTile.h */,
				18099B6E1B2BEEA7002932F3 /* SKAMapTile.m */,
				18099B6F1B2BEEA7002932F3 /* SKAMiniMap.h */,
				18099B701B2BEEA7002932F3 /* SKAMiniMap.m */,
				18099B711B2BEEA7002932F3 /* SKAObject.h */,
				18099B721B2BEEA7002932F3 /* SKAObject.m */,
				18099B731B2BEEA7002932F3 /* SKAObjectLayer.h */,
				18099B741B2BEEA7002932F3 /* SKAObjectLayer.m */,
				18099B751B2BEEA7002932F3 /* SKASprite.h */,
				18099B761B2BEEA7002932F3 /* SKASprite.m */,
				18099B771B2BEEA7002932F3 /* SKASpriteLayer.h */,
				18099B781B2BEEA7002932F3 /* SKASpriteLayer.m */,
				18099B791B2BEEA7002932F3 /* SKATestHud.h */,
				18099B7A1B2BEEA7002932F3 /* SKATestHud.m */,
				18099B7B1B2BEEA7002932F3 /* SKATestPlayer.h */,
				18099B7C1B2BEEA7002932F3 /* SKATestPlayer.m */,
				18099B9F1B30284C002932F3 /* SKATiledMap.h */,
				18099BA01B30284C002932F3 /* SKATiledMap.m */,
			);
			name = SKAToolKit;
			sourceTree = "<group>";
		};
		18099B0C1B295F61002932F3 /* SKA Map Test Files */ = {
			isa = PBXGroup;
			children = (
				18099B8D1B2FF65E002932F3 /* egypt_items_medium.1.png */,
				18099B8E1B2FF65E002932F3 /* egypt_small_floors_bgra.1.png */,
				18099B8F1B2FF65E002932F3 /* egypt_small_walls_rgba4.1.png */,
				18099B901B2FF65E002932F3 /* egypt_statues_medium.1.png */,
				18099B911B2FF65E002932F3 /* kz_egypt_tiles_small.tps */,
				18099B921B2FF65E002932F3 /* kz_egypt_walls.tps */,
				18099B931B2FF65E002932F3 /* kz_signs_small.1.png */,
				18099B311B296C60002932F3 /* kz_egypt_3.json */,
				18099B2E1B296BDC002932F3 /* kz_egypt_3.tmx */,
			);
			name = "SKA Map Test Files";
			sourceTree = "<group>";
		};
		18149C531B19709F00522024 = {
			isa = PBXGroup;
			children = (
				18149CA81B1972E600522024 /* libz.dylib */,
				18149CB81B197D3D00522024 /* Levels */,
				18149CB01B197C1A00522024 /* Art */,
				18149C5E1B19709F00522024 /* KZ */,
				18149C781B1970A000522024 /* KZTests */,
				18149C5D1B19709F00522024 /* Products */,
				18149C851B19727500522024 /* Third Party */,
			);
			sourceTree = "<group>";
		};
		18149C5D1B19709F00522024 /* Products */ = {
			isa = PBXGroup;
			children = (
				18149C5C1B19709F00522024 /* KZ.app */,
				18149C751B1970A000522024 /* KZTests.xctest */,
			);
			name = Products;
			sourceTree = "<group>";
		};
		18149C5E1B19709F00522024 /* KZ */ = {
			isa = PBXGroup;
			children = (
				18149CCF1B1AA74600522024 /* Types.swift */,
				18F760511B2506E30086E776 /* Devices.swift */,
				18149C611B19709F00522024 /* AppDelegate.swift */,
				18149C631B19709F00522024 /* GameScene.sks */,
				18149C651B19709F00522024 /* GameScene.swift */,
				18E87EA01B20125700E4CC4E /* MapSelectScene.swift */,
				18149CD11B1AA7C500522024 /* Player.swift */,
				189A48D21B33E84A00B3578C /* Item.swift */,
				18149C671B19709F00522024 /* GameViewController.swift */,
				18149C691B19709F00522024 /* Main.storyboard */,
				18149C6C1B19709F00522024 /* Images.xcassets */,
				18149C6E1B19709F00522024 /* LaunchScreen.xib */,
				18149C5F1B19709F00522024 /* Supporting Files */,
				18E87EB01B21954300E4CC4E /* MagicFire.sks */,
				18F760751B253C6C0086E776 /* Rain.sks */,
				18F760531B250CB70086E776 /* MagicFireLow.sks */,
				18E87EAD1B218E9E00E4CC4E /* spark.png */,
				189A48CA1B329EEE00B3578C /* BehindTheMap.sks */,
				189A48CB1B329EEE00B3578C /* bokeh.png */,
			);
			path = KZ;
			sourceTree = "<group>";
		};
		18149C5F1B19709F00522024 /* Supporting Files */ = {
			isa = PBXGroup;
			children = (
				18149C601B19709F00522024 /* Info.plist */,
			);
			name = "Supporting Files";
			sourceTree = "<group>";
		};
		18149C781B1970A000522024 /* KZTests */ = {
			isa = PBXGroup;
			children = (
				18149C7B1B1970A000522024 /* KZTests.swift */,
				18149C791B1970A000522024 /* Supporting Files */,
			);
			path = KZTests;
			sourceTree = "<group>";
		};
		18149C791B1970A000522024 /* Supporting Files */ = {
			isa = PBXGroup;
			children = (
				18149C7A1B1970A000522024 /* Info.plist */,
			);
			name = "Supporting Files";
			sourceTree = "<group>";
		};
		18149C851B19727500522024 /* Third Party */ = {
			isa = PBXGroup;
			children = (
				18099B0C1B295F61002932F3 /* SKA Map Test Files */,
				18099AE91B295BF5002932F3 /* SKAToolKit */,
				18149C8F1B1972BE00522024 /* SKTUtils */,
				18149C861B1972A600522024 /* JSTileMap */,
				18149CAC1B1974DD00522024 /* KZ-Bridging-Header.h */,
			);
			name = "Third Party";
			path = KZ;
			sourceTree = "<group>";
		};
		18149C861B1972A600522024 /* JSTileMap */ = {
			isa = PBXGroup;
			children = (
				18149C871B1972A600522024 /* JSTileMap.h */,
				18149C881B1972A600522024 /* JSTileMap.m */,
				18149C891B1972A600522024 /* LFCGzipUtility.h */,
				18149C8A1B1972A600522024 /* LFCGzipUtility.m */,
				18149C8B1B1972A600522024 /* LICENSE.txt */,
			);
			path = JSTileMap;
			sourceTree = "<group>";
		};
		18149C8F1B1972BE00522024 /* SKTUtils */ = {
			isa = PBXGroup;
			children = (
				18149C901B1972BE00522024 /* CGFloat+Extensions.swift */,
				18149C911B1972BE00522024 /* CGPoint+Extensions.swift */,
				18149C921B1972BE00522024 /* CGVector+Extensions.swift */,
				18149C931B1972BE00522024 /* Int+Extensions.swift */,
				18149C941B1972BE00522024 /* SKAction+Extensions.swift */,
				18149C951B1972BE00522024 /* SKAction+SpecialEffects.swift */,
				18149C961B1972BE00522024 /* SKColor+Extensions.swift */,
				18149C971B1972BE00522024 /* SKNode+Extensions.swift */,
				18149C981B1972BE00522024 /* SKTAudio.swift */,
				18149C991B1972BE00522024 /* SKTEffects.swift */,
				18149C9A1B1972BE00522024 /* SKTTimingFunctions.swift */,
				18149C9B1B1972BE00522024 /* Vector3.swift */,
			);
			name = SKTUtils;
			path = JSTileMap/SKTUtils;
			sourceTree = "<group>";
		};
		18149CB01B197C1A00522024 /* Art */ = {
			isa = PBXGroup;
			children = (
				189A48D61B33F71000B3578C /* GemRedIdle.atlas */,
				189A48D41B33EC1C00B3578C /* GemGreenIdle.atlas */,
				184DFFEF1B268063001D722E /* kz_egypt */,
				18E87EA61B20512B00E4CC4E /* kz_wonderland_trees.atlasc */,
				18E87EA21B204F4000E4CC4E /* kz_wonderland_tileset_medium.atlasc */,
				18A9FCC71B1BF448004C0E5D /* Attack.atlas */,
				18A9FCC51B1BF0AB004C0E5D /* Run.atlas */,
				18A9FCC31B1BEF99004C0E5D /* Walk.atlas */,
				18A9FCC11B1BEF8B004C0E5D /* Idle.atlas */,
				18A9FCBF1B1BEF83004C0E5D /* Jump.atlas */,
				18149CCD1B19E2E500522024 /* valley-tiles-5.atlasc */,
				18149CB61B197C6E00522024 /* tmx-rpg-bigpack.atlasc */,
			);
			name = Art;
			path = KZ;
			sourceTree = "<group>";
		};
		18149CB81B197D3D00522024 /* Levels */ = {
			isa = PBXGroup;
			children = (
				189A48D81B353CC200B3578C /* kz_lava.json */,
				189A48CE1B330FE000B3578C /* kz_wild_3.json */,
				18099B4B1B2B1EDD002932F3 /* endless-map-0.tmx */,
				18099B471B2ABF31002932F3 /* small-map-test-1.tmx */,
				18099B481B2ABF31002932F3 /* small-map-test-0.tmx */,
				18099B451B2AB8B7002932F3 /* small-map-test.tmx */,
				18099B431B2A8521002932F3 /* kz_wild_2.tmx */,
				18F7605D1B251B2F0086E776 /* kz_abandoned.tmx */,
				18F7604F1B2418CB0086E776 /* kz_dream.tmx */,
				18E87EA41B20511E00E4CC4E /* kz_wonderland.tmx */,
				18E87E9E1B2010C800E4CC4E /* kz_wild.tmx */,
			);
			name = Levels;
			path = KZ;
			sourceTree = "<group>";
		};
		184DFFEF1B268063001D722E /* kz_egypt */ = {
			isa = PBXGroup;
			children = (
				18E87EB81B219B4500E4CC4E /* kz_signs_small.atlasc */,
				183095FE1B1D604B00BBB25B /* kz_egypt.tmx */,
				184D00061B269F35001D722E /* egypt_statues_medium.atlasc */,
				184DFFF81B268C6F001D722E /* egypt_small_floors_bgra.atlasc */,
				184DFFF91B268C6F001D722E /* egypt_small_walls_rgba4.atlasc */,
			);
			name = kz_egypt;
			sourceTree = "<group>";
		};
/* End PBXGroup section */

/* Begin PBXNativeTarget section */
		18149C5B1B19709F00522024 /* KZ */ = {
			isa = PBXNativeTarget;
			buildConfigurationList = 18149C7F1B1970A000522024 /* Build configuration list for PBXNativeTarget "KZ" */;
			buildPhases = (
				18149C581B19709F00522024 /* Sources */,
				18149C591B19709F00522024 /* Frameworks */,
				18149C5A1B19709F00522024 /* Resources */,
			);
			buildRules = (
			);
			dependencies = (
			);
			name = KZ;
			productName = KZ;
			productReference = 18149C5C1B19709F00522024 /* KZ.app */;
			productType = "com.apple.product-type.application";
		};
		18149C741B1970A000522024 /* KZTests */ = {
			isa = PBXNativeTarget;
			buildConfigurationList = 18149C821B1970A000522024 /* Build configuration list for PBXNativeTarget "KZTests" */;
			buildPhases = (
				18149C711B1970A000522024 /* Sources */,
				18149C721B1970A000522024 /* Frameworks */,
				18149C731B1970A000522024 /* Resources */,
			);
			buildRules = (
			);
			dependencies = (
				18149C771B1970A000522024 /* PBXTargetDependency */,
			);
			name = KZTests;
			productName = KZTests;
			productReference = 18149C751B1970A000522024 /* KZTests.xctest */;
			productType = "com.apple.product-type.bundle.unit-test";
		};
/* End PBXNativeTarget section */

/* Begin PBXProject section */
		18149C541B19709F00522024 /* Project object */ = {
			isa = PBXProject;
			attributes = {
				LastUpgradeCheck = 0630;
				ORGANIZATIONNAME = "Norman Croan";
				TargetAttributes = {
					18149C5B1B19709F00522024 = {
						CreatedOnToolsVersion = 6.3.1;
						DevelopmentTeam = LZ6HY3W29L;
					};
					18149C741B1970A000522024 = {
						CreatedOnToolsVersion = 6.3.1;
						TestTargetID = 18149C5B1B19709F00522024;
					};
				};
			};
			buildConfigurationList = 18149C571B19709F00522024 /* Build configuration list for PBXProject "KZ" */;
			compatibilityVersion = "Xcode 3.2";
			developmentRegion = English;
			hasScannedForEncodings = 0;
			knownRegions = (
				en,
				Base,
			);
			mainGroup = 18149C531B19709F00522024;
			productRefGroup = 18149C5D1B19709F00522024 /* Products */;
			projectDirPath = "";
			projectRoot = "";
			targets = (
				18149C5B1B19709F00522024 /* KZ */,
				18149C741B1970A000522024 /* KZTests */,
			);
		};
/* End PBXProject section */

/* Begin PBXResourcesBuildPhase section */
		18149C5A1B19709F00522024 /* Resources */ = {
			isa = PBXResourcesBuildPhase;
			buildActionMask = 2147483647;
			files = (
				18F760501B2418CB0086E776 /* kz_dream.tmx in Resources */,
				18149CCE1B19E2E500522024 /* valley-tiles-5.atlasc in Resources */,
				18099B9B1B2FF65E002932F3 /* kz_signs_small.1.png in Resources */,
				189A48D91B353CC200B3578C /* kz_lava.json in Resources */,
				18099B991B2FF65E002932F3 /* kz_egypt_tiles_small.tps in Resources */,
				18A9FCC61B1BF0AB004C0E5D /* Run.atlas in Resources */,
				18E87EB11B21954300E4CC4E /* MagicFire.sks in Resources */,
				18099B491B2ABF31002932F3 /* small-map-test-1.tmx in Resources */,
				18F760541B250CB70086E776 /* MagicFireLow.sks in Resources */,
				18099B961B2FF65E002932F3 /* egypt_small_floors_bgra.1.png in Resources */,
				189A48D71B33F71000B3578C /* GemRedIdle.atlas in Resources */,
				18099B971B2FF65E002932F3 /* egypt_small_walls_rgba4.1.png in Resources */,
				18E87EA31B204F4000E4CC4E /* kz_wonderland_tileset_medium.atlasc in Resources */,
				18099B441B2A8522002932F3 /* kz_wild_2.tmx in Resources */,
				18099B9A1B2FF65E002932F3 /* kz_egypt_walls.tps in Resources */,
				18099B951B2FF65E002932F3 /* egypt_items_medium.1.png in Resources */,
				18A9FCC21B1BEF8B004C0E5D /* Idle.atlas in Resources */,
				18099B461B2AB8B7002932F3 /* small-map-test.tmx in Resources */,
				18149C701B19709F00522024 /* LaunchScreen.xib in Resources */,
				18149C6D1B19709F00522024 /* Images.xcassets in Resources */,
				18099B4C1B2B1EDD002932F3 /* endless-map-0.tmx in Resources */,
				18A9FCC81B1BF448004C0E5D /* Attack.atlas in Resources */,
				18A9FCC41B1BEF99004C0E5D /* Walk.atlas in Resources */,
				184DFFFB1B268C6F001D722E /* egypt_small_walls_rgba4.atlasc in Resources */,
				18E87EB91B219B4500E4CC4E /* kz_signs_small.atlasc in Resources */,
				18149C641B19709F00522024 /* GameScene.sks in Resources */,
				189A48CF1B330FE000B3578C /* kz_wild_3.json in Resources */,
				184DFFFA1B268C6F001D722E /* egypt_small_floors_bgra.atlasc in Resources */,
				18F7605E1B251B2F0086E776 /* kz_abandoned.tmx in Resources */,
				18E87E9F1B2010C800E4CC4E /* kz_wild.tmx in Resources */,
				18E87EAF1B218E9E00E4CC4E /* spark.png in Resources */,
				18A9FCC01B1BEF83004C0E5D /* Jump.atlas in Resources */,
				18E87EA71B20512B00E4CC4E /* kz_wonderland_trees.atlasc in Resources */,
				189A48CD1B329EEE00B3578C /* bokeh.png in Resources */,
				18099B301B296BDC002932F3 /* kz_egypt_3.tmx in Resources */,
				18099B981B2FF65E002932F3 /* egypt_statues_medium.1.png in Resources */,
				18149C8E1B1972A600522024 /* LICENSE.txt in Resources */,
				18F760761B253C6C0086E776 /* Rain.sks in Resources */,
				18099B321B296C60002932F3 /* kz_egypt_3.json in Resources */,
				18149C6B1B19709F00522024 /* Main.storyboard in Resources */,
				18099B4A1B2ABF31002932F3 /* small-map-test-0.tmx in Resources */,
				189A48D51B33EC1C00B3578C /* GemGreenIdle.atlas in Resources */,
				18E87EA51B20511E00E4CC4E /* kz_wonderland.tmx in Resources */,
				183095FF1B1D604B00BBB25B /* kz_egypt.tmx in Resources */,
				18149CB71B197C6E00522024 /* tmx-rpg-bigpack.atlasc in Resources */,
				189A48CC1B329EEE00B3578C /* BehindTheMap.sks in Resources */,
				184D00071B269F35001D722E /* egypt_statues_medium.atlasc in Resources */,
			);
			runOnlyForDeploymentPostprocessing = 0;
		};
		18149C731B1970A000522024 /* Resources */ = {
			isa = PBXResourcesBuildPhase;
			buildActionMask = 2147483647;
			files = (
			);
			runOnlyForDeploymentPostprocessing = 0;
		};
/* End PBXResourcesBuildPhase section */

/* Begin PBXSourcesBuildPhase section */
		18149C581B19709F00522024 /* Sources */ = {
			isa = PBXSourcesBuildPhase;
			buildActionMask = 2147483647;
			files = (
				18149C9D1B1972BE00522024 /* CGPoint+Extensions.swift in Sources */,
				18149CA51B1972BE00522024 /* SKTEffects.swift in Sources */,
				189A48D31B33E84A00B3578C /* Item.swift in Sources */,
				18099B811B2BEEA7002932F3 /* SKAMapTile.m in Sources */,
				18099B801B2BEEA7002932F3 /* SKACroppedMiniMap.m in Sources */,
				18149CA01B1972BE00522024 /* SKAction+Extensions.swift in Sources */,
				18149C661B19709F00522024 /* GameScene.swift in Sources */,
				18149CA31B1972BE00522024 /* SKNode+Extensions.swift in Sources */,
				18149C8D1B1972A600522024 /* LFCGzipUtility.m in Sources */,
				18099B851B2BEEA7002932F3 /* SKASprite.m in Sources */,
				18149CA61B1972BE00522024 /* SKTTimingFunctions.swift in Sources */,
				18149CA11B1972BE00522024 /* SKAction+SpecialEffects.swift in Sources */,
				18099B831B2BEEA7002932F3 /* SKAObject.m in Sources */,
				18149C9F1B1972BE00522024 /* Int+Extensions.swift in Sources */,
				18099B821B2BEEA7002932F3 /* SKAMiniMap.m in Sources */,
				18099B881B2BEEA7002932F3 /* SKATestPlayer.m in Sources */,
				18149CD01B1AA74600522024 /* Types.swift in Sources */,
				18149CA71B1972BE00522024 /* Vector3.swift in Sources */,
				18F760521B2506E30086E776 /* Devices.swift in Sources */,
				18099B7F1B2BEEA7002932F3 /* SKAButtonSprite.m in Sources */,
				18149C681B19709F00522024 /* GameViewController.swift in Sources */,
				18099B871B2BEEA7002932F3 /* SKATestHud.m in Sources */,
				18149CA21B1972BE00522024 /* SKColor+Extensions.swift in Sources */,
				18149C9E1B1972BE00522024 /* CGVector+Extensions.swift in Sources */,
				18099BA11B30284C002932F3 /* SKATiledMap.m in Sources */,
				18149C621B19709F00522024 /* AppDelegate.swift in Sources */,
				18E87EA11B20125700E4CC4E /* MapSelectScene.swift in Sources */,
				18149CA41B1972BE00522024 /* SKTAudio.swift in Sources */,
				18149CD21B1AA7C500522024 /* Player.swift in Sources */,
				18149C9C1B1972BE00522024 /* CGFloat+Extensions.swift in Sources */,
				18099B861B2BEEA7002932F3 /* SKASpriteLayer.m in Sources */,
				18099B841B2BEEA7002932F3 /* SKAObjectLayer.m in Sources */,
				183446781B31620700BADEBF /* CollisionDefine.m in Sources */,
				18149C8C1B1972A600522024 /* JSTileMap.m in Sources */,
			);
			runOnlyForDeploymentPostprocessing = 0;
		};
		18149C711B1970A000522024 /* Sources */ = {
			isa = PBXSourcesBuildPhase;
			buildActionMask = 2147483647;
			files = (
				18149C7C1B1970A000522024 /* KZTests.swift in Sources */,
			);
			runOnlyForDeploymentPostprocessing = 0;
		};
/* End PBXSourcesBuildPhase section */

/* Begin PBXTargetDependency section */
		18149C771B1970A000522024 /* PBXTargetDependency */ = {
			isa = PBXTargetDependency;
			target = 18149C5B1B19709F00522024 /* KZ */;
			targetProxy = 18149C761B1970A000522024 /* PBXContainerItemProxy */;
		};
/* End PBXTargetDependency section */

/* Begin PBXVariantGroup section */
		18149C691B19709F00522024 /* Main.storyboard */ = {
			isa = PBXVariantGroup;
			children = (
				18149C6A1B19709F00522024 /* Base */,
			);
			name = Main.storyboard;
			sourceTree = "<group>";
		};
		18149C6E1B19709F00522024 /* LaunchScreen.xib */ = {
			isa = PBXVariantGroup;
			children = (
				18149C6F1B19709F00522024 /* Base */,
			);
			name = LaunchScreen.xib;
			sourceTree = "<group>";
		};
/* End PBXVariantGroup section */

/* Begin XCBuildConfiguration section */
		18149C7D1B1970A000522024 /* Debug */ = {
			isa = XCBuildConfiguration;
			buildSettings = {
				ALWAYS_SEARCH_USER_PATHS = NO;
				CLANG_CXX_LANGUAGE_STANDARD = "gnu++0x";
				CLANG_CXX_LIBRARY = "libc++";
				CLANG_ENABLE_MODULES = YES;
				CLANG_ENABLE_OBJC_ARC = YES;
				CLANG_WARN_BOOL_CONVERSION = YES;
				CLANG_WARN_CONSTANT_CONVERSION = YES;
				CLANG_WARN_DIRECT_OBJC_ISA_USAGE = YES_ERROR;
				CLANG_WARN_EMPTY_BODY = YES;
				CLANG_WARN_ENUM_CONVERSION = YES;
				CLANG_WARN_INT_CONVERSION = YES;
				CLANG_WARN_OBJC_ROOT_CLASS = YES_ERROR;
				CLANG_WARN_UNREACHABLE_CODE = YES;
				CLANG_WARN__DUPLICATE_METHOD_MATCH = YES;
				"CODE_SIGN_IDENTITY[sdk=iphoneos*]" = "iPhone Developer";
				COPY_PHASE_STRIP = NO;
				DEBUG_INFORMATION_FORMAT = "dwarf-with-dsym";
				ENABLE_STRICT_OBJC_MSGSEND = YES;
				GCC_C_LANGUAGE_STANDARD = gnu99;
				GCC_DYNAMIC_NO_PIC = NO;
				GCC_NO_COMMON_BLOCKS = YES;
				GCC_OPTIMIZATION_LEVEL = 0;
				GCC_PREPROCESSOR_DEFINITIONS = (
					"DEBUG=1",
					"$(inherited)",
				);
				GCC_SYMBOLS_PRIVATE_EXTERN = NO;
				GCC_WARN_64_TO_32_BIT_CONVERSION = YES;
				GCC_WARN_ABOUT_RETURN_TYPE = YES_ERROR;
				GCC_WARN_UNDECLARED_SELECTOR = YES;
				GCC_WARN_UNINITIALIZED_AUTOS = YES_AGGRESSIVE;
				GCC_WARN_UNUSED_FUNCTION = YES;
				GCC_WARN_UNUSED_VARIABLE = YES;
				IPHONEOS_DEPLOYMENT_TARGET = 8.3;
				MTL_ENABLE_DEBUG_INFO = YES;
				ONLY_ACTIVE_ARCH = YES;
				SDKROOT = iphoneos;
				SWIFT_OPTIMIZATION_LEVEL = "-Onone";
				TARGETED_DEVICE_FAMILY = "1,2";
			};
			name = Debug;
		};
		18149C7E1B1970A000522024 /* Release */ = {
			isa = XCBuildConfiguration;
			buildSettings = {
				ALWAYS_SEARCH_USER_PATHS = NO;
				CLANG_CXX_LANGUAGE_STANDARD = "gnu++0x";
				CLANG_CXX_LIBRARY = "libc++";
				CLANG_ENABLE_MODULES = YES;
				CLANG_ENABLE_OBJC_ARC = YES;
				CLANG_WARN_BOOL_CONVERSION = YES;
				CLANG_WARN_CONSTANT_CONVERSION = YES;
				CLANG_WARN_DIRECT_OBJC_ISA_USAGE = YES_ERROR;
				CLANG_WARN_EMPTY_BODY = YES;
				CLANG_WARN_ENUM_CONVERSION = YES;
				CLANG_WARN_INT_CONVERSION = YES;
				CLANG_WARN_OBJC_ROOT_CLASS = YES_ERROR;
				CLANG_WARN_UNREACHABLE_CODE = YES;
				CLANG_WARN__DUPLICATE_METHOD_MATCH = YES;
				"CODE_SIGN_IDENTITY[sdk=iphoneos*]" = "iPhone Developer";
				COPY_PHASE_STRIP = NO;
				DEBUG_INFORMATION_FORMAT = "dwarf-with-dsym";
				ENABLE_NS_ASSERTIONS = NO;
				ENABLE_STRICT_OBJC_MSGSEND = YES;
				GCC_C_LANGUAGE_STANDARD = gnu99;
				GCC_NO_COMMON_BLOCKS = YES;
				GCC_WARN_64_TO_32_BIT_CONVERSION = YES;
				GCC_WARN_ABOUT_RETURN_TYPE = YES_ERROR;
				GCC_WARN_UNDECLARED_SELECTOR = YES;
				GCC_WARN_UNINITIALIZED_AUTOS = YES_AGGRESSIVE;
				GCC_WARN_UNUSED_FUNCTION = YES;
				GCC_WARN_UNUSED_VARIABLE = YES;
				IPHONEOS_DEPLOYMENT_TARGET = 8.3;
				MTL_ENABLE_DEBUG_INFO = NO;
				SDKROOT = iphoneos;
				TARGETED_DEVICE_FAMILY = "1,2";
				VALIDATE_PRODUCT = YES;
			};
			name = Release;
		};
		18149C801B1970A000522024 /* Debug */ = {
			isa = XCBuildConfiguration;
			buildSettings = {
				ASSETCATALOG_COMPILER_APPICON_NAME = AppIcon;
				CODE_SIGN_IDENTITY = "iPhone Developer";
				"CODE_SIGN_IDENTITY[sdk=iphoneos*]" = "iPhone Developer";
				DEFINES_MODULE = NO;
				FRAMEWORK_SEARCH_PATHS = (
					"$(inherited)",
					"$(PROJECT_DIR)/KZ",
				);
				INFOPLIST_FILE = KZ/Info.plist;
				LD_RUNPATH_SEARCH_PATHS = "$(inherited) @executable_path/Frameworks";
				OTHER_LDFLAGS = "";
				PRODUCT_NAME = "$(TARGET_NAME)";
				PROVISIONING_PROFILE = "";
				SWIFT_OBJC_BRIDGING_HEADER = "KZ/KZ-Bridging-Header.h";
			};
			name = Debug;
		};
		18149C811B1970A000522024 /* Release */ = {
			isa = XCBuildConfiguration;
			buildSettings = {
				ASSETCATALOG_COMPILER_APPICON_NAME = AppIcon;
				CODE_SIGN_IDENTITY = "iPhone Developer";
				"CODE_SIGN_IDENTITY[sdk=iphoneos*]" = "iPhone Developer";
				DEFINES_MODULE = NO;
				FRAMEWORK_SEARCH_PATHS = (
					"$(inherited)",
					"$(PROJECT_DIR)/KZ",
				);
				INFOPLIST_FILE = KZ/Info.plist;
				LD_RUNPATH_SEARCH_PATHS = "$(inherited) @executable_path/Frameworks";
				OTHER_LDFLAGS = "";
				PRODUCT_NAME = "$(TARGET_NAME)";
				PROVISIONING_PROFILE = "";
				SWIFT_OBJC_BRIDGING_HEADER = "KZ/KZ-Bridging-Header.h";
			};
			name = Release;
		};
		18149C831B1970A000522024 /* Debug */ = {
			isa = XCBuildConfiguration;
			buildSettings = {
				BUNDLE_LOADER = "$(TEST_HOST)";
				FRAMEWORK_SEARCH_PATHS = (
					"$(SDKROOT)/Developer/Library/Frameworks",
					"$(inherited)",
				);
				GCC_PREPROCESSOR_DEFINITIONS = (
					"DEBUG=1",
					"$(inherited)",
				);
				INFOPLIST_FILE = KZTests/Info.plist;
				LD_RUNPATH_SEARCH_PATHS = "$(inherited) @executable_path/Frameworks @loader_path/Frameworks";
				PRODUCT_NAME = "$(TARGET_NAME)";
				TEST_HOST = "$(BUILT_PRODUCTS_DIR)/KZ.app/KZ";
			};
			name = Debug;
		};
		18149C841B1970A000522024 /* Release */ = {
			isa = XCBuildConfiguration;
			buildSettings = {
				BUNDLE_LOADER = "$(TEST_HOST)";
				FRAMEWORK_SEARCH_PATHS = (
					"$(SDKROOT)/Developer/Library/Frameworks",
					"$(inherited)",
				);
				INFOPLIST_FILE = KZTests/Info.plist;
				LD_RUNPATH_SEARCH_PATHS = "$(inherited) @executable_path/Frameworks @loader_path/Frameworks";
				PRODUCT_NAME = "$(TARGET_NAME)";
				TEST_HOST = "$(BUILT_PRODUCTS_DIR)/KZ.app/KZ";
			};
			name = Release;
		};
/* End XCBuildConfiguration section */

/* Begin XCConfigurationList section */
		18149C571B19709F00522024 /* Build configuration list for PBXProject "KZ" */ = {
			isa = XCConfigurationList;
			buildConfigurations = (
				18149C7D1B1970A000522024 /* Debug */,
				18149C7E1B1970A000522024 /* Release */,
			);
			defaultConfigurationIsVisible = 0;
			defaultConfigurationName = Release;
		};
		18149C7F1B1970A000522024 /* Build configuration list for PBXNativeTarget "KZ" */ = {
			isa = XCConfigurationList;
			buildConfigurations = (
				18149C801B1970A000522024 /* Debug */,
				18149C811B1970A000522024 /* Release */,
			);
			defaultConfigurationIsVisible = 0;
			defaultConfigurationName = Release;
		};
		18149C821B1970A000522024 /* Build configuration list for PBXNativeTarget "KZTests" */ = {
			isa = XCConfigurationList;
			buildConfigurations = (
				18149C831B1970A000522024 /* Debug */,
				18149C841B1970A000522024 /* Release */,
			);
			defaultConfigurationIsVisible = 0;
			defaultConfigurationName = Release;
		};
/* End XCConfigurationList section */
	};
	rootObject = 18149C541B19709F00522024 /* Project object */;
}
