// !$*UTF8*$!
{
	archiveVersion = 1;
	classes = {
	};
	objectVersion = 46;
	objects = {

/* Begin PBXBuildFile section */
		18149C621B19709F00522024 /* AppDelegate.swift in Sources */ = {isa = PBXBuildFile; fileRef = 18149C611B19709F00522024 /* AppDelegate.swift */; };
		18149C641B19709F00522024 /* GameScene.sks in Resources */ = {isa = PBXBuildFile; fileRef = 18149C631B19709F00522024 /* GameScene.sks */; };
		18149C661B19709F00522024 /* GameScene.swift in Sources */ = {isa = PBXBuildFile; fileRef = 18149C651B19709F00522024 /* GameScene.swift */; };
		18149C681B19709F00522024 /* GameViewController.swift in Sources */ = {isa = PBXBuildFile; fileRef = 18149C671B19709F00522024 /* GameViewController.swift */; };
		18149C6B1B19709F00522024 /* Main.storyboard in Resources */ = {isa = PBXBuildFile; fileRef = 18149C691B19709F00522024 /* Main.storyboard */; };
		18149C6D1B19709F00522024 /* Images.xcassets in Resources */ = {isa = PBXBuildFile; fileRef = 18149C6C1B19709F00522024 /* Images.xcassets */; };
		18149C701B19709F00522024 /* LaunchScreen.xib in Resources */ = {isa = PBXBuildFile; fileRef = 18149C6E1B19709F00522024 /* LaunchScreen.xib */; };
		18149C7C1B1970A000522024 /* KZTests.swift in Sources */ = {isa = PBXBuildFile; fileRef = 18149C7B1B1970A000522024 /* KZTests.swift */; };
		18149C8C1B1972A600522024 /* JSTileMap.m in Sources */ = {isa = PBXBuildFile; fileRef = 18149C881B1972A600522024 /* JSTileMap.m */; };
		18149C8D1B1972A600522024 /* LFCGzipUtility.m in Sources */ = {isa = PBXBuildFile; fileRef = 18149C8A1B1972A600522024 /* LFCGzipUtility.m */; };
		18149C8E1B1972A600522024 /* LICENSE.txt in Resources */ = {isa = PBXBuildFile; fileRef = 18149C8B1B1972A600522024 /* LICENSE.txt */; };
		18149C9C1B1972BE00522024 /* CGFloat+Extensions.swift in Sources */ = {isa = PBXBuildFile; fileRef = 18149C901B1972BE00522024 /* CGFloat+Extensions.swift */; };
		18149C9D1B1972BE00522024 /* CGPoint+Extensions.swift in Sources */ = {isa = PBXBuildFile; fileRef = 18149C911B1972BE00522024 /* CGPoint+Extensions.swift */; };
		18149C9E1B1972BE00522024 /* CGVector+Extensions.swift in Sources */ = {isa = PBXBuildFile; fileRef = 18149C921B1972BE00522024 /* CGVector+Extensions.swift */; };
		18149C9F1B1972BE00522024 /* Int+Extensions.swift in Sources */ = {isa = PBXBuildFile; fileRef = 18149C931B1972BE00522024 /* Int+Extensions.swift */; };
		18149CA01B1972BE00522024 /* SKAction+Extensions.swift in Sources */ = {isa = PBXBuildFile; fileRef = 18149C941B1972BE00522024 /* SKAction+Extensions.swift */; };
		18149CA11B1972BE00522024 /* SKAction+SpecialEffects.swift in Sources */ = {isa = PBXBuildFile; fileRef = 18149C951B1972BE00522024 /* SKAction+SpecialEffects.swift */; };
		18149CA21B1972BE00522024 /* SKColor+Extensions.swift in Sources */ = {isa = PBXBuildFile; fileRef = 18149C961B1972BE00522024 /* SKColor+Extensions.swift */; };
		18149CA31B1972BE00522024 /* SKNode+Extensions.swift in Sources */ = {isa = PBXBuildFile; fileRef = 18149C971B1972BE00522024 /* SKNode+Extensions.swift */; };
		18149CA41B1972BE00522024 /* SKTAudio.swift in Sources */ = {isa = PBXBuildFile; fileRef = 18149C981B1972BE00522024 /* SKTAudio.swift */; };
		18149CA51B1972BE00522024 /* SKTEffects.swift in Sources */ = {isa = PBXBuildFile; fileRef = 18149C991B1972BE00522024 /* SKTEffects.swift */; };
		18149CA61B1972BE00522024 /* SKTTimingFunctions.swift in Sources */ = {isa = PBXBuildFile; fileRef = 18149C9A1B1972BE00522024 /* SKTTimingFunctions.swift */; };
		18149CA71B1972BE00522024 /* Vector3.swift in Sources */ = {isa = PBXBuildFile; fileRef = 18149C9B1B1972BE00522024 /* Vector3.swift */; };
		18149CA91B1972E600522024 /* libz.dylib in Frameworks */ = {isa = PBXBuildFile; fileRef = 18149CA81B1972E600522024 /* libz.dylib */; };
		18149CB71B197C6E00522024 /* tmx-rpg-bigpack.atlasc in Resources */ = {isa = PBXBuildFile; fileRef = 18149CB61B197C6E00522024 /* tmx-rpg-bigpack.atlasc */; };
		18149CCE1B19E2E500522024 /* valley-tiles-5.atlasc in Resources */ = {isa = PBXBuildFile; fileRef = 18149CCD1B19E2E500522024 /* valley-tiles-5.atlasc */; };
		18149CD01B1AA74600522024 /* Tpes.swift in Sources */ = {isa = PBXBuildFile; fileRef = 18149CCF1B1AA74600522024 /* Tpes.swift */; };
		18149CD21B1AA7C500522024 /* Player.swift in Sources */ = {isa = PBXBuildFile; fileRef = 18149CD11B1AA7C500522024 /* Player.swift */; };
		183095FD1B1D5F6600BBB25B /* kz_egypt_tiles_1.atlasc in Resources */ = {isa = PBXBuildFile; fileRef = 183095FC1B1D5F6600BBB25B /* kz_egypt_tiles_1.atlasc */; };
		183095FF1B1D604B00BBB25B /* kz_egypt.tmx in Resources */ = {isa = PBXBuildFile; fileRef = 183095FE1B1D604B00BBB25B /* kz_egypt.tmx */; };
		18A9FCC01B1BEF83004C0E5D /* Jump.atlas in Resources */ = {isa = PBXBuildFile; fileRef = 18A9FCBF1B1BEF83004C0E5D /* Jump.atlas */; };
		18A9FCC21B1BEF8B004C0E5D /* Idle.atlas in Resources */ = {isa = PBXBuildFile; fileRef = 18A9FCC11B1BEF8B004C0E5D /* Idle.atlas */; };
		18A9FCC41B1BEF99004C0E5D /* Walk.atlas in Resources */ = {isa = PBXBuildFile; fileRef = 18A9FCC31B1BEF99004C0E5D /* Walk.atlas */; };
		18A9FCC61B1BF0AB004C0E5D /* Run.atlas in Resources */ = {isa = PBXBuildFile; fileRef = 18A9FCC51B1BF0AB004C0E5D /* Run.atlas */; };
		18A9FCC81B1BF448004C0E5D /* Attack.atlas in Resources */ = {isa = PBXBuildFile; fileRef = 18A9FCC71B1BF448004C0E5D /* Attack.atlas */; };
		18E87E9B1B1F377E00E4CC4E /* kz_egypt_large_items.atlasc in Resources */ = {isa = PBXBuildFile; fileRef = 18E87E9A1B1F377E00E4CC4E /* kz_egypt_large_items.atlasc */; };
		18E87E9D1B1F392100E4CC4E /* kz_egypt_light_tiles_sheet.atlasc in Resources */ = {isa = PBXBuildFile; fileRef = 18E87E9C1B1F392100E4CC4E /* kz_egypt_light_tiles_sheet.atlasc */; };
		18E87E9F1B2010C800E4CC4E /* kz_wild.tmx in Resources */ = {isa = PBXBuildFile; fileRef = 18E87E9E1B2010C800E4CC4E /* kz_wild.tmx */; };
		18E87EA11B20125700E4CC4E /* MapSelectScene.swift in Sources */ = {isa = PBXBuildFile; fileRef = 18E87EA01B20125700E4CC4E /* MapSelectScene.swift */; };
		18E87EA31B204F4000E4CC4E /* kz_wonderland_tileset_medium.atlasc in Resources */ = {isa = PBXBuildFile; fileRef = 18E87EA21B204F4000E4CC4E /* kz_wonderland_tileset_medium.atlasc */; };
		18E87EA51B20511E00E4CC4E /* kz_wonderland.tmx in Resources */ = {isa = PBXBuildFile; fileRef = 18E87EA41B20511E00E4CC4E /* kz_wonderland.tmx */; };
		18E87EA71B20512B00E4CC4E /* kz_wonderland_trees.atlasc in Resources */ = {isa = PBXBuildFile; fileRef = 18E87EA61B20512B00E4CC4E /* kz_wonderland_trees.atlasc */; };
		18E87EAF1B218E9E00E4CC4E /* spark.png in Resources */ = {isa = PBXBuildFile; fileRef = 18E87EAD1B218E9E00E4CC4E /* spark.png */; };
		18E87EB11B21954300E4CC4E /* MagicFire.sks in Resources */ = {isa = PBXBuildFile; fileRef = 18E87EB01B21954300E4CC4E /* MagicFire.sks */; };
		18E87EB91B219B4500E4CC4E /* kz_signs_small.atlasc in Resources */ = {isa = PBXBuildFile; fileRef = 18E87EB81B219B4500E4CC4E /* kz_signs_small.atlasc */; };
		18F760501B2418CB0086E776 /* kz_dream.tmx in Resources */ = {isa = PBXBuildFile; fileRef = 18F7604F1B2418CB0086E776 /* kz_dream.tmx */; };
		18F760521B2506E30086E776 /* Devices.swift in Sources */ = {isa = PBXBuildFile; fileRef = 18F760511B2506E30086E776 /* Devices.swift */; };
		18F760541B250CB70086E776 /* MagicFireLow.sks in Resources */ = {isa = PBXBuildFile; fileRef = 18F760531B250CB70086E776 /* MagicFireLow.sks */; };
		18F760581B2517130086E776 /* kz_abandoned_tileset.atlasc in Resources */ = {isa = PBXBuildFile; fileRef = 18F760571B2517130086E776 /* kz_abandoned_tileset.atlasc */; };
		18F7605A1B25183C0086E776 /* tmx-bg-tiles.atlasc in Resources */ = {isa = PBXBuildFile; fileRef = 18F760591B25183C0086E776 /* tmx-bg-tiles.atlasc */; };
		18F7605C1B251A300086E776 /* kz_abandoned_items.atlasc in Resources */ = {isa = PBXBuildFile; fileRef = 18F7605B1B251A300086E776 /* kz_abandoned_items.atlasc */; };
		18F7605E1B251B2F0086E776 /* kz_abandoned.tmx in Resources */ = {isa = PBXBuildFile; fileRef = 18F7605D1B251B2F0086E776 /* kz_abandoned.tmx */; };
		18F760601B2521CF0086E776 /* kz_abandoned_large.atlasc in Resources */ = {isa = PBXBuildFile; fileRef = 18F7605F1B2521CF0086E776 /* kz_abandoned_large.atlasc */; };
		18F760621B2522C50086E776 /* kz_abandoned_items_large.atlasc in Resources */ = {isa = PBXBuildFile; fileRef = 18F760611B2522C50086E776 /* kz_abandoned_items_large.atlasc */; };
		18F760761B253C6C0086E776 /* Rain.sks in Resources */ = {isa = PBXBuildFile; fileRef = 18F760751B253C6C0086E776 /* Rain.sks */; };
/* End PBXBuildFile section */

/* Begin PBXContainerItemProxy section */
		18149C761B1970A000522024 /* PBXContainerItemProxy */ = {
			isa = PBXContainerItemProxy;
			containerPortal = 18149C541B19709F00522024 /* Project object */;
			proxyType = 1;
			remoteGlobalIDString = 18149C5B1B19709F00522024;
			remoteInfo = KZ;
		};
/* End PBXContainerItemProxy section */

/* Begin PBXFileReference section */
		18149C5C1B19709F00522024 /* KZ.app */ = {isa = PBXFileReference; explicitFileType = wrapper.application; includeInIndex = 0; path = KZ.app; sourceTree = BUILT_PRODUCTS_DIR; };
		18149C601B19709F00522024 /* Info.plist */ = {isa = PBXFileReference; lastKnownFileType = text.plist.xml; path = Info.plist; sourceTree = "<group>"; };
		18149C611B19709F00522024 /* AppDelegate.swift */ = {isa = PBXFileReference; lastKnownFileType = sourcecode.swift; path = AppDelegate.swift; sourceTree = "<group>"; };
		18149C631B19709F00522024 /* GameScene.sks */ = {isa = PBXFileReference; lastKnownFileType = file.sks; path = GameScene.sks; sourceTree = "<group>"; };
		18149C651B19709F00522024 /* GameScene.swift */ = {isa = PBXFileReference; lastKnownFileType = sourcecode.swift; path = GameScene.swift; sourceTree = "<group>"; };
		18149C671B19709F00522024 /* GameViewController.swift */ = {isa = PBXFileReference; lastKnownFileType = sourcecode.swift; path = GameViewController.swift; sourceTree = "<group>"; };
		18149C6A1B19709F00522024 /* Base */ = {isa = PBXFileReference; lastKnownFileType = file.storyboard; name = Base; path = Base.lproj/Main.storyboard; sourceTree = "<group>"; };
		18149C6C1B19709F00522024 /* Images.xcassets */ = {isa = PBXFileReference; lastKnownFileType = folder.assetcatalog; path = Images.xcassets; sourceTree = "<group>"; };
		18149C6F1B19709F00522024 /* Base */ = {isa = PBXFileReference; lastKnownFileType = file.xib; name = Base; path = Base.lproj/LaunchScreen.xib; sourceTree = "<group>"; };
		18149C751B1970A000522024 /* KZTests.xctest */ = {isa = PBXFileReference; explicitFileType = wrapper.cfbundle; includeInIndex = 0; path = KZTests.xctest; sourceTree = BUILT_PRODUCTS_DIR; };
		18149C7A1B1970A000522024 /* Info.plist */ = {isa = PBXFileReference; lastKnownFileType = text.plist.xml; path = Info.plist; sourceTree = "<group>"; };
		18149C7B1B1970A000522024 /* KZTests.swift */ = {isa = PBXFileReference; lastKnownFileType = sourcecode.swift; path = KZTests.swift; sourceTree = "<group>"; };
		18149C871B1972A600522024 /* JSTileMap.h */ = {isa = PBXFileReference; fileEncoding = 4; lastKnownFileType = sourcecode.c.h; path = JSTileMap.h; sourceTree = "<group>"; };
		18149C881B1972A600522024 /* JSTileMap.m */ = {isa = PBXFileReference; fileEncoding = 4; lastKnownFileType = sourcecode.c.objc; path = JSTileMap.m; sourceTree = "<group>"; };
		18149C891B1972A600522024 /* LFCGzipUtility.h */ = {isa = PBXFileReference; fileEncoding = 4; lastKnownFileType = sourcecode.c.h; path = LFCGzipUtility.h; sourceTree = "<group>"; };
		18149C8A1B1972A600522024 /* LFCGzipUtility.m */ = {isa = PBXFileReference; fileEncoding = 4; lastKnownFileType = sourcecode.c.objc; path = LFCGzipUtility.m; sourceTree = "<group>"; };
		18149C8B1B1972A600522024 /* LICENSE.txt */ = {isa = PBXFileReference; fileEncoding = 4; lastKnownFileType = text; path = LICENSE.txt; sourceTree = "<group>"; };
		18149C901B1972BE00522024 /* CGFloat+Extensions.swift */ = {isa = PBXFileReference; fileEncoding = 4; lastKnownFileType = sourcecode.swift; path = "CGFloat+Extensions.swift"; sourceTree = "<group>"; };
		18149C911B1972BE00522024 /* CGPoint+Extensions.swift */ = {isa = PBXFileReference; fileEncoding = 4; lastKnownFileType = sourcecode.swift; path = "CGPoint+Extensions.swift"; sourceTree = "<group>"; };
		18149C921B1972BE00522024 /* CGVector+Extensions.swift */ = {isa = PBXFileReference; fileEncoding = 4; lastKnownFileType = sourcecode.swift; path = "CGVector+Extensions.swift"; sourceTree = "<group>"; };
		18149C931B1972BE00522024 /* Int+Extensions.swift */ = {isa = PBXFileReference; fileEncoding = 4; lastKnownFileType = sourcecode.swift; path = "Int+Extensions.swift"; sourceTree = "<group>"; };
		18149C941B1972BE00522024 /* SKAction+Extensions.swift */ = {isa = PBXFileReference; fileEncoding = 4; lastKnownFileType = sourcecode.swift; path = "SKAction+Extensions.swift"; sourceTree = "<group>"; };
		18149C951B1972BE00522024 /* SKAction+SpecialEffects.swift */ = {isa = PBXFileReference; fileEncoding = 4; lastKnownFileType = sourcecode.swift; path = "SKAction+SpecialEffects.swift"; sourceTree = "<group>"; };
		18149C961B1972BE00522024 /* SKColor+Extensions.swift */ = {isa = PBXFileReference; fileEncoding = 4; lastKnownFileType = sourcecode.swift; path = "SKColor+Extensions.swift"; sourceTree = "<group>"; };
		18149C971B1972BE00522024 /* SKNode+Extensions.swift */ = {isa = PBXFileReference; fileEncoding = 4; lastKnownFileType = sourcecode.swift; path = "SKNode+Extensions.swift"; sourceTree = "<group>"; };
		18149C981B1972BE00522024 /* SKTAudio.swift */ = {isa = PBXFileReference; fileEncoding = 4; lastKnownFileType = sourcecode.swift; path = SKTAudio.swift; sourceTree = "<group>"; };
		18149C991B1972BE00522024 /* SKTEffects.swift */ = {isa = PBXFileReference; fileEncoding = 4; lastKnownFileType = sourcecode.swift; path = SKTEffects.swift; sourceTree = "<group>"; };
		18149C9A1B1972BE00522024 /* SKTTimingFunctions.swift */ = {isa = PBXFileReference; fileEncoding = 4; lastKnownFileType = sourcecode.swift; path = SKTTimingFunctions.swift; sourceTree = "<group>"; };
		18149C9B1B1972BE00522024 /* Vector3.swift */ = {isa = PBXFileReference; fileEncoding = 4; lastKnownFileType = sourcecode.swift; path = Vector3.swift; sourceTree = "<group>"; };
		18149CA81B1972E600522024 /* libz.dylib */ = {isa = PBXFileReference; lastKnownFileType = "compiled.mach-o.dylib"; name = libz.dylib; path = usr/lib/libz.dylib; sourceTree = SDKROOT; };
		18149CAC1B1974DD00522024 /* KZ-Bridging-Header.h */ = {isa = PBXFileReference; lastKnownFileType = sourcecode.c.h; path = "KZ-Bridging-Header.h"; sourceTree = "<group>"; };
		18149CB61B197C6E00522024 /* tmx-rpg-bigpack.atlasc */ = {isa = PBXFileReference; lastKnownFileType = folder; path = "tmx-rpg-bigpack.atlasc"; sourceTree = "<group>"; };
		18149CCD1B19E2E500522024 /* valley-tiles-5.atlasc */ = {isa = PBXFileReference; lastKnownFileType = folder; path = "valley-tiles-5.atlasc"; sourceTree = "<group>"; };
		18149CCF1B1AA74600522024 /* Tpes.swift */ = {isa = PBXFileReference; fileEncoding = 4; lastKnownFileType = sourcecode.swift; path = Tpes.swift; sourceTree = "<group>"; };
		18149CD11B1AA7C500522024 /* Player.swift */ = {isa = PBXFileReference; fileEncoding = 4; lastKnownFileType = sourcecode.swift; path = Player.swift; sourceTree = "<group>"; };
		183095FC1B1D5F6600BBB25B /* kz_egypt_tiles_1.atlasc */ = {isa = PBXFileReference; lastKnownFileType = folder; path = kz_egypt_tiles_1.atlasc; sourceTree = "<group>"; };
		183095FE1B1D604B00BBB25B /* kz_egypt.tmx */ = {isa = PBXFileReference; fileEncoding = 4; lastKnownFileType = text.xml; path = kz_egypt.tmx; sourceTree = "<group>"; };
		18A9FCBF1B1BEF83004C0E5D /* Jump.atlas */ = {isa = PBXFileReference; lastKnownFileType = folder.skatlas; path = Jump.atlas; sourceTree = "<group>"; };
		18A9FCC11B1BEF8B004C0E5D /* Idle.atlas */ = {isa = PBXFileReference; lastKnownFileType = folder.skatlas; path = Idle.atlas; sourceTree = "<group>"; };
		18A9FCC31B1BEF99004C0E5D /* Walk.atlas */ = {isa = PBXFileReference; lastKnownFileType = folder.skatlas; path = Walk.atlas; sourceTree = "<group>"; };
		18A9FCC51B1BF0AB004C0E5D /* Run.atlas */ = {isa = PBXFileReference; lastKnownFileType = folder.skatlas; path = Run.atlas; sourceTree = "<group>"; };
		18A9FCC71B1BF448004C0E5D /* Attack.atlas */ = {isa = PBXFileReference; lastKnownFileType = folder.skatlas; path = Attack.atlas; sourceTree = "<group>"; };
		18E87E9A1B1F377E00E4CC4E /* kz_egypt_large_items.atlasc */ = {isa = PBXFileReference; lastKnownFileType = folder; path = kz_egypt_large_items.atlasc; sourceTree = "<group>"; };
		18E87E9C1B1F392100E4CC4E /* kz_egypt_light_tiles_sheet.atlasc */ = {isa = PBXFileReference; lastKnownFileType = folder; path = kz_egypt_light_tiles_sheet.atlasc; sourceTree = "<group>"; };
		18E87E9E1B2010C800E4CC4E /* kz_wild.tmx */ = {isa = PBXFileReference; fileEncoding = 4; lastKnownFileType = text.xml; path = kz_wild.tmx; sourceTree = "<group>"; };
		18E87EA01B20125700E4CC4E /* MapSelectScene.swift */ = {isa = PBXFileReference; fileEncoding = 4; lastKnownFileType = sourcecode.swift; path = MapSelectScene.swift; sourceTree = "<group>"; };
		18E87EA21B204F4000E4CC4E /* kz_wonderland_tileset_medium.atlasc */ = {isa = PBXFileReference; lastKnownFileType = folder; path = kz_wonderland_tileset_medium.atlasc; sourceTree = "<group>"; };
		18E87EA41B20511E00E4CC4E /* kz_wonderland.tmx */ = {isa = PBXFileReference; fileEncoding = 4; lastKnownFileType = text.xml; path = kz_wonderland.tmx; sourceTree = "<group>"; };
		18E87EA61B20512B00E4CC4E /* kz_wonderland_trees.atlasc */ = {isa = PBXFileReference; lastKnownFileType = folder; path = kz_wonderland_trees.atlasc; sourceTree = "<group>"; };
		18E87EAD1B218E9E00E4CC4E /* spark.png */ = {isa = PBXFileReference; lastKnownFileType = image.png; path = spark.png; sourceTree = "<group>"; };
		18E87EB01B21954300E4CC4E /* MagicFire.sks */ = {isa = PBXFileReference; lastKnownFileType = file.sks; path = MagicFire.sks; sourceTree = "<group>"; };
		18E87EB81B219B4500E4CC4E /* kz_signs_small.atlasc */ = {isa = PBXFileReference; lastKnownFileType = folder; path = kz_signs_small.atlasc; sourceTree = "<group>"; };
		18F7604F1B2418CB0086E776 /* kz_dream.tmx */ = {isa = PBXFileReference; fileEncoding = 4; lastKnownFileType = text.xml; path = kz_dream.tmx; sourceTree = "<group>"; };
		18F760511B2506E30086E776 /* Devices.swift */ = {isa = PBXFileReference; fileEncoding = 4; lastKnownFileType = sourcecode.swift; path = Devices.swift; sourceTree = "<group>"; };
		18F760531B250CB70086E776 /* MagicFireLow.sks */ = {isa = PBXFileReference; lastKnownFileType = file.sks; path = MagicFireLow.sks; sourceTree = "<group>"; };
		18F760571B2517130086E776 /* kz_abandoned_tileset.atlasc */ = {isa = PBXFileReference; lastKnownFileType = folder; path = kz_abandoned_tileset.atlasc; sourceTree = "<group>"; };
		18F760591B25183C0086E776 /* tmx-bg-tiles.atlasc */ = {isa = PBXFileReference; lastKnownFileType = folder; path = "tmx-bg-tiles.atlasc"; sourceTree = "<group>"; };
		18F7605B1B251A300086E776 /* kz_abandoned_items.atlasc */ = {isa = PBXFileReference; lastKnownFileType = folder; path = kz_abandoned_items.atlasc; sourceTree = "<group>"; };
		18F7605D1B251B2F0086E776 /* kz_abandoned.tmx */ = {isa = PBXFileReference; fileEncoding = 4; lastKnownFileType = text.xml; path = kz_abandoned.tmx; sourceTree = "<group>"; };
		18F7605F1B2521CF0086E776 /* kz_abandoned_large.atlasc */ = {isa = PBXFileReference; lastKnownFileType = folder; path = kz_abandoned_large.atlasc; sourceTree = "<group>"; };
		18F760611B2522C50086E776 /* kz_abandoned_items_large.atlasc */ = {isa = PBXFileReference; lastKnownFileType = folder; path = kz_abandoned_items_large.atlasc; sourceTree = "<group>"; };
		18F760751B253C6C0086E776 /* Rain.sks */ = {isa = PBXFileReference; lastKnownFileType = file.sks; path = Rain.sks; sourceTree = "<group>"; };
/* End PBXFileReference section */

/* Begin PBXFrameworksBuildPhase section */
		18149C591B19709F00522024 /* Frameworks */ = {
			isa = PBXFrameworksBuildPhase;
			buildActionMask = 2147483647;
			files = (
				18149CA91B1972E600522024 /* libz.dylib in Frameworks */,
			);
			runOnlyForDeploymentPostprocessing = 0;
		};
		18149C721B1970A000522024 /* Frameworks */ = {
			isa = PBXFrameworksBuildPhase;
			buildActionMask = 2147483647;
			files = (
			);
			runOnlyForDeploymentPostprocessing = 0;
		};
/* End PBXFrameworksBuildPhase section */

/* Begin PBXGroup section */
		18149C531B19709F00522024 = {
			isa = PBXGroup;
			children = (
				18149CA81B1972E600522024 /* libz.dylib */,
				18149CB81B197D3D00522024 /* Levels */,
				18149CB01B197C1A00522024 /* Art */,
				18149C5E1B19709F00522024 /* KZ */,
				18149C781B1970A000522024 /* KZTests */,
				18149C5D1B19709F00522024 /* Products */,
				18149C851B19727500522024 /* Third Party */,
			);
			sourceTree = "<group>";
		};
		18149C5D1B19709F00522024 /* Products */ = {
			isa = PBXGroup;
			children = (
				18149C5C1B19709F00522024 /* KZ.app */,
				18149C751B1970A000522024 /* KZTests.xctest */,
			);
			name = Products;
			sourceTree = "<group>";
		};
		18149C5E1B19709F00522024 /* KZ */ = {
			isa = PBXGroup;
			children = (
				18149CCF1B1AA74600522024 /* Tpes.swift */,
				18F760511B2506E30086E776 /* Devices.swift */,
				18149C611B19709F00522024 /* AppDelegate.swift */,
				18149C631B19709F00522024 /* GameScene.sks */,
				18149C651B19709F00522024 /* GameScene.swift */,
				18E87EA01B20125700E4CC4E /* MapSelectScene.swift */,
				18149CD11B1AA7C500522024 /* Player.swift */,
				18149C671B19709F00522024 /* GameViewController.swift */,
				18149C691B19709F00522024 /* Main.storyboard */,
				18149C6C1B19709F00522024 /* Images.xcassets */,
				18149C6E1B19709F00522024 /* LaunchScreen.xib */,
				18149C5F1B19709F00522024 /* Supporting Files */,
				18E87EB01B21954300E4CC4E /* MagicFire.sks */,
				18F760751B253C6C0086E776 /* Rain.sks */,
				18F760531B250CB70086E776 /* MagicFireLow.sks */,
				18E87EAD1B218E9E00E4CC4E /* spark.png */,
			);
			path = KZ;
			sourceTree = "<group>";
		};
		18149C5F1B19709F00522024 /* Supporting Files */ = {
			isa = PBXGroup;
			children = (
				18149C601B19709F00522024 /* Info.plist */,
			);
			name = "Supporting Files";
			sourceTree = "<group>";
		};
		18149C781B1970A000522024 /* KZTests */ = {
			isa = PBXGroup;
			children = (
				18149C7B1B1970A000522024 /* KZTests.swift */,
				18149C791B1970A000522024 /* Supporting Files */,
			);
			path = KZTests;
			sourceTree = "<group>";
		};
		18149C791B1970A000522024 /* Supporting Files */ = {
			isa = PBXGroup;
			children = (
				18149C7A1B1970A000522024 /* Info.plist */,
			);
			name = "Supporting Files";
			sourceTree = "<group>";
		};
		18149C851B19727500522024 /* Third Party */ = {
			isa = PBXGroup;
			children = (
				18149C8F1B1972BE00522024 /* SKTUtils */,
				18149C861B1972A600522024 /* JSTileMap */,
				18149CAC1B1974DD00522024 /* KZ-Bridging-Header.h */,
			);
			name = "Third Party";
			path = KZ;
			sourceTree = "<group>";
		};
		18149C861B1972A600522024 /* JSTileMap */ = {
			isa = PBXGroup;
			children = (
				18149C871B1972A600522024 /* JSTileMap.h */,
				18149C881B1972A600522024 /* JSTileMap.m */,
				18149C891B1972A600522024 /* LFCGzipUtility.h */,
				18149C8A1B1972A600522024 /* LFCGzipUtility.m */,
				18149C8B1B1972A600522024 /* LICENSE.txt */,
			);
			path = JSTileMap;
			sourceTree = "<group>";
		};
		18149C8F1B1972BE00522024 /* SKTUtils */ = {
			isa = PBXGroup;
			children = (
				18149C901B1972BE00522024 /* CGFloat+Extensions.swift */,
				18149C911B1972BE00522024 /* CGPoint+Extensions.swift */,
				18149C921B1972BE00522024 /* CGVector+Extensions.swift */,
				18149C931B1972BE00522024 /* Int+Extensions.swift */,
				18149C941B1972BE00522024 /* SKAction+Extensions.swift */,
				18149C951B1972BE00522024 /* SKAction+SpecialEffects.swift */,
				18149C961B1972BE00522024 /* SKColor+Extensions.swift */,
				18149C971B1972BE00522024 /* SKNode+Extensions.swift */,
				18149C981B1972BE00522024 /* SKTAudio.swift */,
				18149C991B1972BE00522024 /* SKTEffects.swift */,
				18149C9A1B1972BE00522024 /* SKTTimingFunctions.swift */,
				18149C9B1B1972BE00522024 /* Vector3.swift */,
			);
			name = SKTUtils;
			path = JSTileMap/SKTUtils;
			sourceTree = "<group>";
		};
		18149CB01B197C1A00522024 /* Art */ = {
			isa = PBXGroup;
			children = (
				18F760611B2522C50086E776 /* kz_abandoned_items_large.atlasc */,
				18F7605F1B2521CF0086E776 /* kz_abandoned_large.atlasc */,
				18F7605B1B251A300086E776 /* kz_abandoned_items.atlasc */,
				18F760591B25183C0086E776 /* tmx-bg-tiles.atlasc */,
				18F760571B2517130086E776 /* kz_abandoned_tileset.atlasc */,
				18E87EB81B219B4500E4CC4E /* kz_signs_small.atlasc */,
				18E87EA61B20512B00E4CC4E /* kz_wonderland_trees.atlasc */,
				18E87EA21B204F4000E4CC4E /* kz_wonderland_tileset_medium.atlasc */,
				18E87E9C1B1F392100E4CC4E /* kz_egypt_light_tiles_sheet.atlasc */,
				18E87E9A1B1F377E00E4CC4E /* kz_egypt_large_items.atlasc */,
				183095FC1B1D5F6600BBB25B /* kz_egypt_tiles_1.atlasc */,
				18A9FCC71B1BF448004C0E5D /* Attack.atlas */,
				18A9FCC51B1BF0AB004C0E5D /* Run.atlas */,
				18A9FCC31B1BEF99004C0E5D /* Walk.atlas */,
				18A9FCC11B1BEF8B004C0E5D /* Idle.atlas */,
				18A9FCBF1B1BEF83004C0E5D /* Jump.atlas */,
				18149CCD1B19E2E500522024 /* valley-tiles-5.atlasc */,
				18149CB61B197C6E00522024 /* tmx-rpg-bigpack.atlasc */,
			);
			name = Art;
			path = KZ;
			sourceTree = "<group>";
		};
		18149CB81B197D3D00522024 /* Levels */ = {
			isa = PBXGroup;
			children = (
				18F7605D1B251B2F0086E776 /* kz_abandoned.tmx */,
				18F7604F1B2418CB0086E776 /* kz_dream.tmx */,
				18E87EA41B20511E00E4CC4E /* kz_wonderland.tmx */,
				18E87E9E1B2010C800E4CC4E /* kz_wild.tmx */,
				183095FE1B1D604B00BBB25B /* kz_egypt.tmx */,
			);
			name = Levels;
			path = KZ;
			sourceTree = "<group>";
		};
/* End PBXGroup section */

/* Begin PBXNativeTarget section */
		18149C5B1B19709F00522024 /* KZ */ = {
			isa = PBXNativeTarget;
			buildConfigurationList = 18149C7F1B1970A000522024 /* Build configuration list for PBXNativeTarget "KZ" */;
			buildPhases = (
				18149C581B19709F00522024 /* Sources */,
				18149C591B19709F00522024 /* Frameworks */,
				18149C5A1B19709F00522024 /* Resources */,
			);
			buildRules = (
			);
			dependencies = (
			);
			name = KZ;
			productName = KZ;
			productReference = 18149C5C1B19709F00522024 /* KZ.app */;
			productType = "com.apple.product-type.application";
		};
		18149C741B1970A000522024 /* KZTests */ = {
			isa = PBXNativeTarget;
			buildConfigurationList = 18149C821B1970A000522024 /* Build configuration list for PBXNativeTarget "KZTests" */;
			buildPhases = (
				18149C711B1970A000522024 /* Sources */,
				18149C721B1970A000522024 /* Frameworks */,
				18149C731B1970A000522024 /* Resources */,
			);
			buildRules = (
			);
			dependencies = (
				18149C771B1970A000522024 /* PBXTargetDependency */,
			);
			name = KZTests;
			productName = KZTests;
			productReference = 18149C751B1970A000522024 /* KZTests.xctest */;
			productType = "com.apple.product-type.bundle.unit-test";
		};
/* End PBXNativeTarget section */

/* Begin PBXProject section */
		18149C541B19709F00522024 /* Project object */ = {
			isa = PBXProject;
			attributes = {
				LastUpgradeCheck = 0630;
				ORGANIZATIONNAME = "Norman Croan";
				TargetAttributes = {
					18149C5B1B19709F00522024 = {
						CreatedOnToolsVersion = 6.3.1;
						DevelopmentTeam = LZ6HY3W29L;
					};
					18149C741B1970A000522024 = {
						CreatedOnToolsVersion = 6.3.1;
						TestTargetID = 18149C5B1B19709F00522024;
					};
				};
			};
			buildConfigurationList = 18149C571B19709F00522024 /* Build configuration list for PBXProject "KZ" */;
			compatibilityVersion = "Xcode 3.2";
			developmentRegion = English;
			hasScannedForEncodings = 0;
			knownRegions = (
				en,
				Base,
			);
			mainGroup = 18149C531B19709F00522024;
			productRefGroup = 18149C5D1B19709F00522024 /* Products */;
			projectDirPath = "";
			projectRoot = "";
			targets = (
				18149C5B1B19709F00522024 /* KZ */,
				18149C741B1970A000522024 /* KZTests */,
			);
		};
/* End PBXProject section */

/* Begin PBXResourcesBuildPhase section */
		18149C5A1B19709F00522024 /* Resources */ = {
			isa = PBXResourcesBuildPhase;
			buildActionMask = 2147483647;
			files = (
				18F760501B2418CB0086E776 /* kz_dream.tmx in Resources */,
				18F760601B2521CF0086E776 /* kz_abandoned_large.atlasc in Resources */,
				18149CCE1B19E2E500522024 /* valley-tiles-5.atlasc in Resources */,
				18A9FCC61B1BF0AB004C0E5D /* Run.atlas in Resources */,
				18E87EB11B21954300E4CC4E /* MagicFire.sks in Resources */,
				18F760541B250CB70086E776 /* MagicFireLow.sks in Resources */,
				18E87EA31B204F4000E4CC4E /* kz_wonderland_tileset_medium.atlasc in Resources */,
				18A9FCC21B1BEF8B004C0E5D /* Idle.atlas in Resources */,
				18F760581B2517130086E776 /* kz_abandoned_tileset.atlasc in Resources */,
				18F760621B2522C50086E776 /* kz_abandoned_items_large.atlasc in Resources */,
				18E87E9B1B1F377E00E4CC4E /* kz_egypt_large_items.atlasc in Resources */,
				183095FD1B1D5F6600BBB25B /* kz_egypt_tiles_1.atlasc in Resources */,
				18149C701B19709F00522024 /* LaunchScreen.xib in Resources */,
				18F7605A1B25183C0086E776 /* tmx-bg-tiles.atlasc in Resources */,
				18149C6D1B19709F00522024 /* Images.xcassets in Resources */,
				18A9FCC81B1BF448004C0E5D /* Attack.atlas in Resources */,
				18A9FCC41B1BEF99004C0E5D /* Walk.atlas in Resources */,
				18E87EB91B219B4500E4CC4E /* kz_signs_small.atlasc in Resources */,
				18149C641B19709F00522024 /* GameScene.sks in Resources */,
				18F7605E1B251B2F0086E776 /* kz_abandoned.tmx in Resources */,
				18E87E9F1B2010C800E4CC4E /* kz_wild.tmx in Resources */,
				18E87EAF1B218E9E00E4CC4E /* spark.png in Resources */,
				18A9FCC01B1BEF83004C0E5D /* Jump.atlas in Resources */,
				18E87EA71B20512B00E4CC4E /* kz_wonderland_trees.atlasc in Resources */,
				18149C8E1B1972A600522024 /* LICENSE.txt in Resources */,
				18F760761B253C6C0086E776 /* Rain.sks in Resources */,
				18149C6B1B19709F00522024 /* Main.storyboard in Resources */,
				18E87EA51B20511E00E4CC4E /* kz_wonderland.tmx in Resources */,
				18F7605C1B251A300086E776 /* kz_abandoned_items.atlasc in Resources */,
				183095FF1B1D604B00BBB25B /* kz_egypt.tmx in Resources */,
				18149CB71B197C6E00522024 /* tmx-rpg-bigpack.atlasc in Resources */,
				18E87E9D1B1F392100E4CC4E /* kz_egypt_light_tiles_sheet.atlasc in Resources */,
			);
			runOnlyForDeploymentPostprocessing = 0;
		};
		18149C731B1970A000522024 /* Resources */ = {
			isa = PBXResourcesBuildPhase;
			buildActionMask = 2147483647;
			files = (
			);
			runOnlyForDeploymentPostprocessing = 0;
		};
/* End PBXResourcesBuildPhase section */

/* Begin PBXSourcesBuildPhase section */
		18149C581B19709F00522024 /* Sources */ = {
			isa = PBXSourcesBuildPhase;
			buildActionMask = 2147483647;
			files = (
				18149C9D1B1972BE00522024 /* CGPoint+Extensions.swift in Sources */,
				18149CA51B1972BE00522024 /* SKTEffects.swift in Sources */,
				18149CA01B1972BE00522024 /* SKAction+Extensions.swift in Sources */,
				18149C661B19709F00522024 /* GameScene.swift in Sources */,
				18149CA31B1972BE00522024 /* SKNode+Extensions.swift in Sources */,
				18149C8D1B1972A600522024 /* LFCGzipUtility.m in Sources */,
				18149CA61B1972BE00522024 /* SKTTimingFunctions.swift in Sources */,
				18149CA11B1972BE00522024 /* SKAction+SpecialEffects.swift in Sources */,
				18149C9F1B1972BE00522024 /* Int+Extensions.swift in Sources */,
				18149CD01B1AA74600522024 /* Tpes.swift in Sources */,
				18149CA71B1972BE00522024 /* Vector3.swift in Sources */,
				18F760521B2506E30086E776 /* Devices.swift in Sources */,
				18149C681B19709F00522024 /* GameViewController.swift in Sources */,
				18149CA21B1972BE00522024 /* SKColor+Extensions.swift in Sources */,
				18149C9E1B1972BE00522024 /* CGVector+Extensions.swift in Sources */,
				18149C621B19709F00522024 /* AppDelegate.swift in Sources */,
				18E87EA11B20125700E4CC4E /* MapSelectScene.swift in Sources */,
				18149CA41B1972BE00522024 /* SKTAudio.swift in Sources */,
				18149CD21B1AA7C500522024 /* Player.swift in Sources */,
				18149C9C1B1972BE00522024 /* CGFloat+Extensions.swift in Sources */,
				18149C8C1B1972A600522024 /* JSTileMap.m in Sources */,
			);
			runOnlyForDeploymentPostprocessing = 0;
		};
		18149C711B1970A000522024 /* Sources */ = {
			isa = PBXSourcesBuildPhase;
			buildActionMask = 2147483647;
			files = (
				18149C7C1B1970A000522024 /* KZTests.swift in Sources */,
			);
			runOnlyForDeploymentPostprocessing = 0;
		};
/* End PBXSourcesBuildPhase section */

/* Begin PBXTargetDependency section */
		18149C771B1970A000522024 /* PBXTargetDependency */ = {
			isa = PBXTargetDependency;
			target = 18149C5B1B19709F00522024 /* KZ */;
			targetProxy = 18149C761B1970A000522024 /* PBXContainerItemProxy */;
		};
/* End PBXTargetDependency section */

/* Begin PBXVariantGroup section */
		18149C691B19709F00522024 /* Main.storyboard */ = {
			isa = PBXVariantGroup;
			children = (
				18149C6A1B19709F00522024 /* Base */,
			);
			name = Main.storyboard;
			sourceTree = "<group>";
		};
		18149C6E1B19709F00522024 /* LaunchScreen.xib */ = {
			isa = PBXVariantGroup;
			children = (
				18149C6F1B19709F00522024 /* Base */,
			);
			name = LaunchScreen.xib;
			sourceTree = "<group>";
		};
/* End PBXVariantGroup section */

/* Begin XCBuildConfiguration section */
		18149C7D1B1970A000522024 /* Debug */ = {
			isa = XCBuildConfiguration;
			buildSettings = {
				ALWAYS_SEARCH_USER_PATHS = NO;
				CLANG_CXX_LANGUAGE_STANDARD = "gnu++0x";
				CLANG_CXX_LIBRARY = "libc++";
				CLANG_ENABLE_MODULES = YES;
				CLANG_ENABLE_OBJC_ARC = YES;
				CLANG_WARN_BOOL_CONVERSION = YES;
				CLANG_WARN_CONSTANT_CONVERSION = YES;
				CLANG_WARN_DIRECT_OBJC_ISA_USAGE = YES_ERROR;
				CLANG_WARN_EMPTY_BODY = YES;
				CLANG_WARN_ENUM_CONVERSION = YES;
				CLANG_WARN_INT_CONVERSION = YES;
				CLANG_WARN_OBJC_ROOT_CLASS = YES_ERROR;
				CLANG_WARN_UNREACHABLE_CODE = YES;
				CLANG_WARN__DUPLICATE_METHOD_MATCH = YES;
				"CODE_SIGN_IDENTITY[sdk=iphoneos*]" = "iPhone Developer";
				COPY_PHASE_STRIP = NO;
				DEBUG_INFORMATION_FORMAT = "dwarf-with-dsym";
				ENABLE_STRICT_OBJC_MSGSEND = YES;
				GCC_C_LANGUAGE_STANDARD = gnu99;
				GCC_DYNAMIC_NO_PIC = NO;
				GCC_NO_COMMON_BLOCKS = YES;
				GCC_OPTIMIZATION_LEVEL = 0;
				GCC_PREPROCESSOR_DEFINITIONS = (
					"DEBUG=1",
					"$(inherited)",
				);
				GCC_SYMBOLS_PRIVATE_EXTERN = NO;
				GCC_WARN_64_TO_32_BIT_CONVERSION = YES;
				GCC_WARN_ABOUT_RETURN_TYPE = YES_ERROR;
				GCC_WARN_UNDECLARED_SELECTOR = YES;
				GCC_WARN_UNINITIALIZED_AUTOS = YES_AGGRESSIVE;
				GCC_WARN_UNUSED_FUNCTION = YES;
				GCC_WARN_UNUSED_VARIABLE = YES;
				IPHONEOS_DEPLOYMENT_TARGET = 8.3;
				MTL_ENABLE_DEBUG_INFO = YES;
				ONLY_ACTIVE_ARCH = YES;
				SDKROOT = iphoneos;
				SWIFT_OPTIMIZATION_LEVEL = "-Onone";
				TARGETED_DEVICE_FAMILY = "1,2";
			};
			name = Debug;
		};
		18149C7E1B1970A000522024 /* Release */ = {
			isa = XCBuildConfiguration;
			buildSettings = {
				ALWAYS_SEARCH_USER_PATHS = NO;
				CLANG_CXX_LANGUAGE_STANDARD = "gnu++0x";
				CLANG_CXX_LIBRARY = "libc++";
				CLANG_ENABLE_MODULES = YES;
				CLANG_ENABLE_OBJC_ARC = YES;
				CLANG_WARN_BOOL_CONVERSION = YES;
				CLANG_WARN_CONSTANT_CONVERSION = YES;
				CLANG_WARN_DIRECT_OBJC_ISA_USAGE = YES_ERROR;
				CLANG_WARN_EMPTY_BODY = YES;
				CLANG_WARN_ENUM_CONVERSION = YES;
				CLANG_WARN_INT_CONVERSION = YES;
				CLANG_WARN_OBJC_ROOT_CLASS = YES_ERROR;
				CLANG_WARN_UNREACHABLE_CODE = YES;
				CLANG_WARN__DUPLICATE_METHOD_MATCH = YES;
				"CODE_SIGN_IDENTITY[sdk=iphoneos*]" = "iPhone Developer";
				COPY_PHASE_STRIP = NO;
				DEBUG_INFORMATION_FORMAT = "dwarf-with-dsym";
				ENABLE_NS_ASSERTIONS = NO;
				ENABLE_STRICT_OBJC_MSGSEND = YES;
				GCC_C_LANGUAGE_STANDARD = gnu99;
				GCC_NO_COMMON_BLOCKS = YES;
				GCC_WARN_64_TO_32_BIT_CONVERSION = YES;
				GCC_WARN_ABOUT_RETURN_TYPE = YES_ERROR;
				GCC_WARN_UNDECLARED_SELECTOR = YES;
				GCC_WARN_UNINITIALIZED_AUTOS = YES_AGGRESSIVE;
				GCC_WARN_UNUSED_FUNCTION = YES;
				GCC_WARN_UNUSED_VARIABLE = YES;
				IPHONEOS_DEPLOYMENT_TARGET = 8.3;
				MTL_ENABLE_DEBUG_INFO = NO;
				SDKROOT = iphoneos;
				TARGETED_DEVICE_FAMILY = "1,2";
				VALIDATE_PRODUCT = YES;
			};
			name = Release;
		};
		18149C801B1970A000522024 /* Debug */ = {
			isa = XCBuildConfiguration;
			buildSettings = {
				ASSETCATALOG_COMPILER_APPICON_NAME = AppIcon;
				CODE_SIGN_IDENTITY = "iPhone Developer";
				"CODE_SIGN_IDENTITY[sdk=iphoneos*]" = "iPhone Developer";
				FRAMEWORK_SEARCH_PATHS = (
					"$(inherited)",
					"$(PROJECT_DIR)/KZ",
				);
				INFOPLIST_FILE = KZ/Info.plist;
				LD_RUNPATH_SEARCH_PATHS = "$(inherited) @executable_path/Frameworks";
				PRODUCT_NAME = "$(TARGET_NAME)";
				PROVISIONING_PROFILE = "";
				SWIFT_OBJC_BRIDGING_HEADER = "KZ/KZ-Bridging-Header.h";
			};
			name = Debug;
		};
		18149C811B1970A000522024 /* Release */ = {
			isa = XCBuildConfiguration;
			buildSettings = {
				ASSETCATALOG_COMPILER_APPICON_NAME = AppIcon;
				CODE_SIGN_IDENTITY = "iPhone Developer";
				"CODE_SIGN_IDENTITY[sdk=iphoneos*]" = "iPhone Developer";
				FRAMEWORK_SEARCH_PATHS = (
					"$(inherited)",
					"$(PROJECT_DIR)/KZ",
				);
				INFOPLIST_FILE = KZ/Info.plist;
				LD_RUNPATH_SEARCH_PATHS = "$(inherited) @executable_path/Frameworks";
				PRODUCT_NAME = "$(TARGET_NAME)";
				PROVISIONING_PROFILE = "";
				SWIFT_OBJC_BRIDGING_HEADER = "KZ/KZ-Bridging-Header.h";
			};
			name = Release;
		};
		18149C831B1970A000522024 /* Debug */ = {
			isa = XCBuildConfiguration;
			buildSettings = {
				BUNDLE_LOADER = "$(TEST_HOST)";
				FRAMEWORK_SEARCH_PATHS = (
					"$(SDKROOT)/Developer/Library/Frameworks",
					"$(inherited)",
				);
				GCC_PREPROCESSOR_DEFINITIONS = (
					"DEBUG=1",
					"$(inherited)",
				);
				INFOPLIST_FILE = KZTests/Info.plist;
				LD_RUNPATH_SEARCH_PATHS = "$(inherited) @executable_path/Frameworks @loader_path/Frameworks";
				PRODUCT_NAME = "$(TARGET_NAME)";
				TEST_HOST = "$(BUILT_PRODUCTS_DIR)/KZ.app/KZ";
			};
			name = Debug;
		};
		18149C841B1970A000522024 /* Release */ = {
			isa = XCBuildConfiguration;
			buildSettings = {
				BUNDLE_LOADER = "$(TEST_HOST)";
				FRAMEWORK_SEARCH_PATHS = (
					"$(SDKROOT)/Developer/Library/Frameworks",
					"$(inherited)",
				);
				INFOPLIST_FILE = KZTests/Info.plist;
				LD_RUNPATH_SEARCH_PATHS = "$(inherited) @executable_path/Frameworks @loader_path/Frameworks";
				PRODUCT_NAME = "$(TARGET_NAME)";
				TEST_HOST = "$(BUILT_PRODUCTS_DIR)/KZ.app/KZ";
			};
			name = Release;
		};
/* End XCBuildConfiguration section */

/* Begin XCConfigurationList section */
		18149C571B19709F00522024 /* Build configuration list for PBXProject "KZ" */ = {
			isa = XCConfigurationList;
			buildConfigurations = (
				18149C7D1B1970A000522024 /* Debug */,
				18149C7E1B1970A000522024 /* Release */,
			);
			defaultConfigurationIsVisible = 0;
			defaultConfigurationName = Release;
		};
		18149C7F1B1970A000522024 /* Build configuration list for PBXNativeTarget "KZ" */ = {
			isa = XCConfigurationList;
			buildConfigurations = (
				18149C801B1970A000522024 /* Debug */,
				18149C811B1970A000522024 /* Release */,
			);
			defaultConfigurationIsVisible = 0;
			defaultConfigurationName = Release;
		};
		18149C821B1970A000522024 /* Build configuration list for PBXNativeTarget "KZTests" */ = {
			isa = XCConfigurationList;
			buildConfigurations = (
				18149C831B1970A000522024 /* Debug */,
				18149C841B1970A000522024 /* Release */,
			);
			defaultConfigurationIsVisible = 0;
			defaultConfigurationName = Release;
		};
/* End XCConfigurationList section */
	};
	rootObject = 18149C541B19709F00522024 /* Project object */;
}
